
Microsoft Visual Studio Solution File, Format Version 12.00
# Visual Studio 14
VisualStudioVersion = 14.0.25420.1
MinimumVisualStudioVersion = 10.0.40219.1
Project("{54435603-DBB4-11D2-8724-00A0C9A8B90C}") = "PSCBioVerificationSetup", "PSCBioVerificationSetup\PSCBioVerificationSetup.vdproj", "{2379E2D2-2B7D-45A5-821E-03E139C06BC9}"
EndProject
Project("{FAE04EC0-301F-11D3-BF4B-00C04F79EFBC}") = "PSCBioVerificationFace", "PSCBioVerificationFace\PSCBioVerificationFace.csproj", "{4F67BE0A-0BCA-41ED-8D75-67D4A9A4DE1D}"
EndProject
Project("{54435603-DBB4-11D2-8724-00A0C9A8B90C}") = "PSCBioVerificationFaceSetup", "PSCBioVerificationFaceSetup\PSCBioVerificationFaceSetup.vdproj", "{2E4BD137-C012-41A2-8268-EFE43598622F}"
EndProject
Project("{FAE04EC0-301F-11D3-BF4B-00C04F79EFBC}") = "PSCBioIdentification", "PSCBioIdentification\PSCBioIdentification.csproj", "{63E6CA51-11F2-492D-8AA8-C51B4FF5B127}"
EndProject
Project("{8BC9CEB8-8B4A-11D0-8D11-00A0C91BC942}") = "Lookup", "Lookup\Lookup.vcxproj", "{86628A5A-EFD9-49A8-AAA5-2589417AF979}"
EndProject
Project("{8BC9CEB8-8B4A-11D0-8D11-00A0C91BC942}") = "Matcher", "Matcher\Matcher.vcxproj", "{77D160E3-AB3D-4263-A8F5-7EA4683D35A3}"
EndProject
Project("{FAE04EC0-301F-11D3-BF4B-00C04F79EFBC}") = "PSCWindowsService", "PSCWindowsService\PSCWindowsService.csproj", "{79CE48BE-4787-4ECC-8789-03C5CA600DE4}"
EndProject
Project("{FAE04EC0-301F-11D3-BF4B-00C04F79EFBC}") = "MatcherTest", "MatcherTest\MatcherTest.csproj", "{8EDCA178-D5B6-4F7A-BF23-2B2F959B5DDA}"
EndProject
Project("{2150E333-8FDC-42A3-9474-1A3956D46DE8}") = "PassportReader", "PassportReader", "{5F399E01-49D4-480D-978A-6300DEDCE4FA}"
EndProject
Project("{FAE04EC0-301F-11D3-BF4B-00C04F79EFBC}") = "PassportReader", "PassportReader\PassportReader\PassportReader.csproj", "{EC61337A-4FF4-446F-97C8-F3F6E31B933D}"
EndProject
Project("{F184B08F-C81C-45F6-A57F-5ABD9991F28F}") = "PassportReaderClientVB", "PassportReader\PassportReaderClientVB\PassportReaderClientVB.vbproj", "{ED66A948-982C-4F0D-BB22-7A295A73D550}"
EndProject
Project("{FAE04EC0-301F-11D3-BF4B-00C04F79EFBC}") = "pscpr", "PassportReader\pscpr\pscpr.csproj", "{6AA8399B-D6E2-48C9-B37A-547D1C6054BF}"
EndProject
Project("{FAE04EC0-301F-11D3-BF4B-00C04F79EFBC}") = "FillAppFabricCache", "FillAppFabricCache\FillAppFabricCache.csproj", "{AD9A45A1-990E-42D9-BC4F-50F6DDFDD6C9}"
EndProject
Project("{54435603-DBB4-11D2-8724-00A0C9A8B90C}") = "PassportReaderSetup", "PassportReaderSetup\PassportReaderSetup.vdproj", "{DAC83234-3DCD-48F7-B321-7978D3D14993}"
EndProject
Project("{54435603-DBB4-11D2-8724-00A0C9A8B90C}") = "PSCWindowsServiceSetup", "PSCWindowsServiceSetup\PSCWindowsServiceSetup.vdproj", "{F3916D1F-E555-4E25-B551-0419A1C798DA}"
EndProject
Project("{FAE04EC0-301F-11D3-BF4B-00C04F79EFBC}") = "AsyncCalls", "AsyncCalls\AsyncCalls.csproj", "{446E865E-DC46-45C7-8994-B664EBBDCC6C}"
EndProject
Project("{FAE04EC0-301F-11D3-BF4B-00C04F79EFBC}") = "AsyncCallsTest", "AsyncCallsTest\AsyncCallsTest.csproj", "{0E31910C-0611-46AA-848B-99CEFC1C2C3F}"
EndProject
Project("{54435603-DBB4-11D2-8724-00A0C9A8B90C}") = "PSCBioIdentificationSetup", "PSCBioIdentificationSetup\PSCBioIdentificationSetup.vdproj", "{FA03370E-49C1-4696-921B-D965EA49CCEB}"
EndProject
Global
	GlobalSection(SolutionConfigurationPlatforms) = preSolution
		CD_ROM|Any CPU = CD_ROM|Any CPU
		CD_ROM|Mixed Platforms = CD_ROM|Mixed Platforms
		CD_ROM|Win32 = CD_ROM|Win32
		CD_ROM|x64 = CD_ROM|x64
		CD_ROM|x86 = CD_ROM|x86
		Debug|Any CPU = Debug|Any CPU
		Debug|Mixed Platforms = Debug|Mixed Platforms
		Debug|Win32 = Debug|Win32
		Debug|x64 = Debug|x64
		Debug|x86 = Debug|x86
		DVD-5|Any CPU = DVD-5|Any CPU
		DVD-5|Mixed Platforms = DVD-5|Mixed Platforms
		DVD-5|Win32 = DVD-5|Win32
		DVD-5|x64 = DVD-5|x64
		DVD-5|x86 = DVD-5|x86
		Release|Any CPU = Release|Any CPU
		Release|Mixed Platforms = Release|Mixed Platforms
		Release|Win32 = Release|Win32
		Release|x64 = Release|x64
		Release|x86 = Release|x86
		SingleImage|Any CPU = SingleImage|Any CPU
		SingleImage|Mixed Platforms = SingleImage|Mixed Platforms
		SingleImage|Win32 = SingleImage|Win32
		SingleImage|x64 = SingleImage|x64
		SingleImage|x86 = SingleImage|x86
	EndGlobalSection
	GlobalSection(ProjectConfigurationPlatforms) = postSolution
		{2379E2D2-2B7D-45A5-821E-03E139C06BC9}.CD_ROM|Any CPU.ActiveCfg = Release
		{2379E2D2-2B7D-45A5-821E-03E139C06BC9}.CD_ROM|Any CPU.Build.0 = Release
		{2379E2D2-2B7D-45A5-821E-03E139C06BC9}.CD_ROM|Mixed Platforms.ActiveCfg = Release
		{2379E2D2-2B7D-45A5-821E-03E139C06BC9}.CD_ROM|Mixed Platforms.Build.0 = Release
		{2379E2D2-2B7D-45A5-821E-03E139C06BC9}.CD_ROM|Win32.ActiveCfg = Release
		{2379E2D2-2B7D-45A5-821E-03E139C06BC9}.CD_ROM|Win32.Build.0 = Release
		{2379E2D2-2B7D-45A5-821E-03E139C06BC9}.CD_ROM|x64.ActiveCfg = Release
		{2379E2D2-2B7D-45A5-821E-03E139C06BC9}.CD_ROM|x64.Build.0 = Release
		{2379E2D2-2B7D-45A5-821E-03E139C06BC9}.CD_ROM|x86.ActiveCfg = Release
		{2379E2D2-2B7D-45A5-821E-03E139C06BC9}.CD_ROM|x86.Build.0 = Release
		{2379E2D2-2B7D-45A5-821E-03E139C06BC9}.Debug|Any CPU.ActiveCfg = Debug
		{2379E2D2-2B7D-45A5-821E-03E139C06BC9}.Debug|Any CPU.Build.0 = Debug
		{2379E2D2-2B7D-45A5-821E-03E139C06BC9}.Debug|Mixed Platforms.ActiveCfg = Debug
		{2379E2D2-2B7D-45A5-821E-03E139C06BC9}.Debug|Mixed Platforms.Build.0 = Debug
		{2379E2D2-2B7D-45A5-821E-03E139C06BC9}.Debug|Win32.ActiveCfg = Debug
		{2379E2D2-2B7D-45A5-821E-03E139C06BC9}.Debug|Win32.Build.0 = Debug
		{2379E2D2-2B7D-45A5-821E-03E139C06BC9}.Debug|x64.ActiveCfg = Debug
		{2379E2D2-2B7D-45A5-821E-03E139C06BC9}.Debug|x86.ActiveCfg = Debug
		{2379E2D2-2B7D-45A5-821E-03E139C06BC9}.DVD-5|Any CPU.ActiveCfg = Debug
		{2379E2D2-2B7D-45A5-821E-03E139C06BC9}.DVD-5|Any CPU.Build.0 = Debug
		{2379E2D2-2B7D-45A5-821E-03E139C06BC9}.DVD-5|Mixed Platforms.ActiveCfg = Debug
		{2379E2D2-2B7D-45A5-821E-03E139C06BC9}.DVD-5|Mixed Platforms.Build.0 = Debug
		{2379E2D2-2B7D-45A5-821E-03E139C06BC9}.DVD-5|Win32.ActiveCfg = Debug
		{2379E2D2-2B7D-45A5-821E-03E139C06BC9}.DVD-5|Win32.Build.0 = Debug
		{2379E2D2-2B7D-45A5-821E-03E139C06BC9}.DVD-5|x64.ActiveCfg = Debug
		{2379E2D2-2B7D-45A5-821E-03E139C06BC9}.DVD-5|x64.Build.0 = Debug
		{2379E2D2-2B7D-45A5-821E-03E139C06BC9}.DVD-5|x86.ActiveCfg = Debug
		{2379E2D2-2B7D-45A5-821E-03E139C06BC9}.DVD-5|x86.Build.0 = Debug
		{2379E2D2-2B7D-45A5-821E-03E139C06BC9}.Release|Any CPU.ActiveCfg = Release
		{2379E2D2-2B7D-45A5-821E-03E139C06BC9}.Release|Any CPU.Build.0 = Release
		{2379E2D2-2B7D-45A5-821E-03E139C06BC9}.Release|Mixed Platforms.ActiveCfg = Release
		{2379E2D2-2B7D-45A5-821E-03E139C06BC9}.Release|Mixed Platforms.Build.0 = Release
		{2379E2D2-2B7D-45A5-821E-03E139C06BC9}.Release|Win32.ActiveCfg = Release
		{2379E2D2-2B7D-45A5-821E-03E139C06BC9}.Release|Win32.Build.0 = Release
		{2379E2D2-2B7D-45A5-821E-03E139C06BC9}.Release|x64.ActiveCfg = Release
		{2379E2D2-2B7D-45A5-821E-03E139C06BC9}.Release|x64.Build.0 = Release
		{2379E2D2-2B7D-45A5-821E-03E139C06BC9}.Release|x86.ActiveCfg = Release
		{2379E2D2-2B7D-45A5-821E-03E139C06BC9}.SingleImage|Any CPU.ActiveCfg = Release
		{2379E2D2-2B7D-45A5-821E-03E139C06BC9}.SingleImage|Any CPU.Build.0 = Release
		{2379E2D2-2B7D-45A5-821E-03E139C06BC9}.SingleImage|Mixed Platforms.ActiveCfg = Release
		{2379E2D2-2B7D-45A5-821E-03E139C06BC9}.SingleImage|Mixed Platforms.Build.0 = Release
		{2379E2D2-2B7D-45A5-821E-03E139C06BC9}.SingleImage|Win32.ActiveCfg = Release
		{2379E2D2-2B7D-45A5-821E-03E139C06BC9}.SingleImage|Win32.Build.0 = Release
		{2379E2D2-2B7D-45A5-821E-03E139C06BC9}.SingleImage|x64.ActiveCfg = Release
		{2379E2D2-2B7D-45A5-821E-03E139C06BC9}.SingleImage|x64.Build.0 = Release
		{2379E2D2-2B7D-45A5-821E-03E139C06BC9}.SingleImage|x86.ActiveCfg = Release
		{2379E2D2-2B7D-45A5-821E-03E139C06BC9}.SingleImage|x86.Build.0 = Release
		{4F67BE0A-0BCA-41ED-8D75-67D4A9A4DE1D}.CD_ROM|Any CPU.ActiveCfg = Release|x86
		{4F67BE0A-0BCA-41ED-8D75-67D4A9A4DE1D}.CD_ROM|Mixed Platforms.ActiveCfg = Release|x86
		{4F67BE0A-0BCA-41ED-8D75-67D4A9A4DE1D}.CD_ROM|Win32.ActiveCfg = Release|x86
		{4F67BE0A-0BCA-41ED-8D75-67D4A9A4DE1D}.CD_ROM|x64.ActiveCfg = Release|x86
		{4F67BE0A-0BCA-41ED-8D75-67D4A9A4DE1D}.CD_ROM|x86.ActiveCfg = Release|x86
		{4F67BE0A-0BCA-41ED-8D75-67D4A9A4DE1D}.Debug|Any CPU.ActiveCfg = Debug|x86
		{4F67BE0A-0BCA-41ED-8D75-67D4A9A4DE1D}.Debug|Mixed Platforms.ActiveCfg = Debug|x86
		{4F67BE0A-0BCA-41ED-8D75-67D4A9A4DE1D}.Debug|Mixed Platforms.Build.0 = Debug|x86
		{4F67BE0A-0BCA-41ED-8D75-67D4A9A4DE1D}.Debug|Win32.ActiveCfg = Debug|x86
		{4F67BE0A-0BCA-41ED-8D75-67D4A9A4DE1D}.Debug|x64.ActiveCfg = Debug|x86
		{4F67BE0A-0BCA-41ED-8D75-67D4A9A4DE1D}.Debug|x86.ActiveCfg = Debug|x86
		{4F67BE0A-0BCA-41ED-8D75-67D4A9A4DE1D}.DVD-5|Any CPU.ActiveCfg = Release|x86
		{4F67BE0A-0BCA-41ED-8D75-67D4A9A4DE1D}.DVD-5|Mixed Platforms.ActiveCfg = Debug|x86
		{4F67BE0A-0BCA-41ED-8D75-67D4A9A4DE1D}.DVD-5|Win32.ActiveCfg = Debug|x86
		{4F67BE0A-0BCA-41ED-8D75-67D4A9A4DE1D}.DVD-5|x64.ActiveCfg = Release|x86
		{4F67BE0A-0BCA-41ED-8D75-67D4A9A4DE1D}.DVD-5|x86.ActiveCfg = Debug|x86
		{4F67BE0A-0BCA-41ED-8D75-67D4A9A4DE1D}.Release|Any CPU.ActiveCfg = Release|x86
		{4F67BE0A-0BCA-41ED-8D75-67D4A9A4DE1D}.Release|Mixed Platforms.ActiveCfg = Release|x86
		{4F67BE0A-0BCA-41ED-8D75-67D4A9A4DE1D}.Release|Mixed Platforms.Build.0 = Release|x86
		{4F67BE0A-0BCA-41ED-8D75-67D4A9A4DE1D}.Release|Win32.ActiveCfg = Release|x86
		{4F67BE0A-0BCA-41ED-8D75-67D4A9A4DE1D}.Release|x64.ActiveCfg = Release|x86
		{4F67BE0A-0BCA-41ED-8D75-67D4A9A4DE1D}.Release|x86.ActiveCfg = Release|x86
		{4F67BE0A-0BCA-41ED-8D75-67D4A9A4DE1D}.Release|x86.Build.0 = Release|x86
		{4F67BE0A-0BCA-41ED-8D75-67D4A9A4DE1D}.SingleImage|Any CPU.ActiveCfg = Release|x86
		{4F67BE0A-0BCA-41ED-8D75-67D4A9A4DE1D}.SingleImage|Mixed Platforms.ActiveCfg = Release|x86
		{4F67BE0A-0BCA-41ED-8D75-67D4A9A4DE1D}.SingleImage|Win32.ActiveCfg = Release|x86
		{4F67BE0A-0BCA-41ED-8D75-67D4A9A4DE1D}.SingleImage|x64.ActiveCfg = Release|x86
		{4F67BE0A-0BCA-41ED-8D75-67D4A9A4DE1D}.SingleImage|x86.ActiveCfg = Release|x86
		{2E4BD137-C012-41A2-8268-EFE43598622F}.CD_ROM|Any CPU.ActiveCfg = Release
		{2E4BD137-C012-41A2-8268-EFE43598622F}.CD_ROM|Any CPU.Build.0 = Release
		{2E4BD137-C012-41A2-8268-EFE43598622F}.CD_ROM|Mixed Platforms.ActiveCfg = Release
		{2E4BD137-C012-41A2-8268-EFE43598622F}.CD_ROM|Mixed Platforms.Build.0 = Release
		{2E4BD137-C012-41A2-8268-EFE43598622F}.CD_ROM|Win32.ActiveCfg = Release
		{2E4BD137-C012-41A2-8268-EFE43598622F}.CD_ROM|Win32.Build.0 = Release
		{2E4BD137-C012-41A2-8268-EFE43598622F}.CD_ROM|x64.ActiveCfg = Release
		{2E4BD137-C012-41A2-8268-EFE43598622F}.CD_ROM|x64.Build.0 = Release
		{2E4BD137-C012-41A2-8268-EFE43598622F}.CD_ROM|x86.ActiveCfg = Release
		{2E4BD137-C012-41A2-8268-EFE43598622F}.CD_ROM|x86.Build.0 = Release
		{2E4BD137-C012-41A2-8268-EFE43598622F}.Debug|Any CPU.ActiveCfg = Debug
		{2E4BD137-C012-41A2-8268-EFE43598622F}.Debug|Any CPU.Build.0 = Debug
		{2E4BD137-C012-41A2-8268-EFE43598622F}.Debug|Mixed Platforms.ActiveCfg = Debug
		{2E4BD137-C012-41A2-8268-EFE43598622F}.Debug|Mixed Platforms.Build.0 = Debug
		{2E4BD137-C012-41A2-8268-EFE43598622F}.Debug|Win32.ActiveCfg = Debug
		{2E4BD137-C012-41A2-8268-EFE43598622F}.Debug|Win32.Build.0 = Debug
		{2E4BD137-C012-41A2-8268-EFE43598622F}.Debug|x64.ActiveCfg = Debug
		{2E4BD137-C012-41A2-8268-EFE43598622F}.Debug|x86.ActiveCfg = Debug
		{2E4BD137-C012-41A2-8268-EFE43598622F}.DVD-5|Any CPU.ActiveCfg = Debug
		{2E4BD137-C012-41A2-8268-EFE43598622F}.DVD-5|Any CPU.Build.0 = Debug
		{2E4BD137-C012-41A2-8268-EFE43598622F}.DVD-5|Mixed Platforms.ActiveCfg = Debug
		{2E4BD137-C012-41A2-8268-EFE43598622F}.DVD-5|Mixed Platforms.Build.0 = Debug
		{2E4BD137-C012-41A2-8268-EFE43598622F}.DVD-5|Win32.ActiveCfg = Debug
		{2E4BD137-C012-41A2-8268-EFE43598622F}.DVD-5|Win32.Build.0 = Debug
		{2E4BD137-C012-41A2-8268-EFE43598622F}.DVD-5|x64.ActiveCfg = Debug
		{2E4BD137-C012-41A2-8268-EFE43598622F}.DVD-5|x64.Build.0 = Debug
		{2E4BD137-C012-41A2-8268-EFE43598622F}.DVD-5|x86.ActiveCfg = Debug
		{2E4BD137-C012-41A2-8268-EFE43598622F}.DVD-5|x86.Build.0 = Debug
		{2E4BD137-C012-41A2-8268-EFE43598622F}.Release|Any CPU.ActiveCfg = Release
		{2E4BD137-C012-41A2-8268-EFE43598622F}.Release|Any CPU.Build.0 = Release
		{2E4BD137-C012-41A2-8268-EFE43598622F}.Release|Mixed Platforms.ActiveCfg = Release
		{2E4BD137-C012-41A2-8268-EFE43598622F}.Release|Mixed Platforms.Build.0 = Release
		{2E4BD137-C012-41A2-8268-EFE43598622F}.Release|Win32.ActiveCfg = Release
		{2E4BD137-C012-41A2-8268-EFE43598622F}.Release|Win32.Build.0 = Release
		{2E4BD137-C012-41A2-8268-EFE43598622F}.Release|x64.ActiveCfg = Release
		{2E4BD137-C012-41A2-8268-EFE43598622F}.Release|x64.Build.0 = Release
		{2E4BD137-C012-41A2-8268-EFE43598622F}.Release|x86.ActiveCfg = Release
		{2E4BD137-C012-41A2-8268-EFE43598622F}.Release|x86.Build.0 = Release
		{2E4BD137-C012-41A2-8268-EFE43598622F}.SingleImage|Any CPU.ActiveCfg = Release
		{2E4BD137-C012-41A2-8268-EFE43598622F}.SingleImage|Any CPU.Build.0 = Release
		{2E4BD137-C012-41A2-8268-EFE43598622F}.SingleImage|Mixed Platforms.ActiveCfg = Release
		{2E4BD137-C012-41A2-8268-EFE43598622F}.SingleImage|Mixed Platforms.Build.0 = Release
		{2E4BD137-C012-41A2-8268-EFE43598622F}.SingleImage|Win32.ActiveCfg = Release
		{2E4BD137-C012-41A2-8268-EFE43598622F}.SingleImage|Win32.Build.0 = Release
		{2E4BD137-C012-41A2-8268-EFE43598622F}.SingleImage|x64.ActiveCfg = Release
		{2E4BD137-C012-41A2-8268-EFE43598622F}.SingleImage|x64.Build.0 = Release
		{2E4BD137-C012-41A2-8268-EFE43598622F}.SingleImage|x86.ActiveCfg = Release
		{2E4BD137-C012-41A2-8268-EFE43598622F}.SingleImage|x86.Build.0 = Release
		{63E6CA51-11F2-492D-8AA8-C51B4FF5B127}.CD_ROM|Any CPU.ActiveCfg = Release|x86
		{63E6CA51-11F2-492D-8AA8-C51B4FF5B127}.CD_ROM|Any CPU.Build.0 = Release|x86
		{63E6CA51-11F2-492D-8AA8-C51B4FF5B127}.CD_ROM|Mixed Platforms.ActiveCfg = Release|x86
		{63E6CA51-11F2-492D-8AA8-C51B4FF5B127}.CD_ROM|Mixed Platforms.Build.0 = Release|x86
		{63E6CA51-11F2-492D-8AA8-C51B4FF5B127}.CD_ROM|Win32.ActiveCfg = Release|x86
		{63E6CA51-11F2-492D-8AA8-C51B4FF5B127}.CD_ROM|Win32.Build.0 = Release|x86
		{63E6CA51-11F2-492D-8AA8-C51B4FF5B127}.CD_ROM|x64.ActiveCfg = Release|x64
		{63E6CA51-11F2-492D-8AA8-C51B4FF5B127}.CD_ROM|x64.Build.0 = Release|x64
		{63E6CA51-11F2-492D-8AA8-C51B4FF5B127}.CD_ROM|x86.ActiveCfg = Release|x86
		{63E6CA51-11F2-492D-8AA8-C51B4FF5B127}.CD_ROM|x86.Build.0 = Release|x86
		{63E6CA51-11F2-492D-8AA8-C51B4FF5B127}.Debug|Any CPU.ActiveCfg = Debug|Any CPU
		{63E6CA51-11F2-492D-8AA8-C51B4FF5B127}.Debug|Any CPU.Build.0 = Debug|Any CPU
		{63E6CA51-11F2-492D-8AA8-C51B4FF5B127}.Debug|Mixed Platforms.ActiveCfg = Debug|x64
		{63E6CA51-11F2-492D-8AA8-C51B4FF5B127}.Debug|Mixed Platforms.Build.0 = Debug|x64
		{63E6CA51-11F2-492D-8AA8-C51B4FF5B127}.Debug|Win32.ActiveCfg = Debug|x86
		{63E6CA51-11F2-492D-8AA8-C51B4FF5B127}.Debug|x64.ActiveCfg = Debug|x64
		{63E6CA51-11F2-492D-8AA8-C51B4FF5B127}.Debug|x64.Build.0 = Debug|x64
		{63E6CA51-11F2-492D-8AA8-C51B4FF5B127}.Debug|x86.ActiveCfg = Debug|x64
		{63E6CA51-11F2-492D-8AA8-C51B4FF5B127}.Debug|x86.Build.0 = Debug|x64
		{63E6CA51-11F2-492D-8AA8-C51B4FF5B127}.DVD-5|Any CPU.ActiveCfg = Release|x86
		{63E6CA51-11F2-492D-8AA8-C51B4FF5B127}.DVD-5|Any CPU.Build.0 = Release|x86
		{63E6CA51-11F2-492D-8AA8-C51B4FF5B127}.DVD-5|Mixed Platforms.ActiveCfg = Debug|x86
		{63E6CA51-11F2-492D-8AA8-C51B4FF5B127}.DVD-5|Mixed Platforms.Build.0 = Debug|x86
		{63E6CA51-11F2-492D-8AA8-C51B4FF5B127}.DVD-5|Win32.ActiveCfg = Debug|x86
		{63E6CA51-11F2-492D-8AA8-C51B4FF5B127}.DVD-5|Win32.Build.0 = Debug|x86
		{63E6CA51-11F2-492D-8AA8-C51B4FF5B127}.DVD-5|x64.ActiveCfg = Debug|x64
		{63E6CA51-11F2-492D-8AA8-C51B4FF5B127}.DVD-5|x64.Build.0 = Debug|x64
		{63E6CA51-11F2-492D-8AA8-C51B4FF5B127}.DVD-5|x86.ActiveCfg = Debug|x86
		{63E6CA51-11F2-492D-8AA8-C51B4FF5B127}.DVD-5|x86.Build.0 = Debug|x86
		{63E6CA51-11F2-492D-8AA8-C51B4FF5B127}.Release|Any CPU.ActiveCfg = Release|Any CPU
		{63E6CA51-11F2-492D-8AA8-C51B4FF5B127}.Release|Any CPU.Build.0 = Release|Any CPU
		{63E6CA51-11F2-492D-8AA8-C51B4FF5B127}.Release|Mixed Platforms.ActiveCfg = Release|x64
		{63E6CA51-11F2-492D-8AA8-C51B4FF5B127}.Release|Mixed Platforms.Build.0 = Release|x64
		{63E6CA51-11F2-492D-8AA8-C51B4FF5B127}.Release|Win32.ActiveCfg = Release|x86
		{63E6CA51-11F2-492D-8AA8-C51B4FF5B127}.Release|x64.ActiveCfg = Release|x86
		{63E6CA51-11F2-492D-8AA8-C51B4FF5B127}.Release|x86.ActiveCfg = Release|x86
		{63E6CA51-11F2-492D-8AA8-C51B4FF5B127}.Release|x86.Build.0 = Release|x86
		{63E6CA51-11F2-492D-8AA8-C51B4FF5B127}.SingleImage|Any CPU.ActiveCfg = Release|x86
		{63E6CA51-11F2-492D-8AA8-C51B4FF5B127}.SingleImage|Any CPU.Build.0 = Release|x86
		{63E6CA51-11F2-492D-8AA8-C51B4FF5B127}.SingleImage|Mixed Platforms.ActiveCfg = Release|x86
		{63E6CA51-11F2-492D-8AA8-C51B4FF5B127}.SingleImage|Mixed Platforms.Build.0 = Release|x86
		{63E6CA51-11F2-492D-8AA8-C51B4FF5B127}.SingleImage|Win32.ActiveCfg = Release|x86
		{63E6CA51-11F2-492D-8AA8-C51B4FF5B127}.SingleImage|Win32.Build.0 = Release|x86
		{63E6CA51-11F2-492D-8AA8-C51B4FF5B127}.SingleImage|x64.ActiveCfg = Release|x64
		{63E6CA51-11F2-492D-8AA8-C51B4FF5B127}.SingleImage|x64.Build.0 = Release|x64
		{63E6CA51-11F2-492D-8AA8-C51B4FF5B127}.SingleImage|x86.ActiveCfg = Release|x86
		{63E6CA51-11F2-492D-8AA8-C51B4FF5B127}.SingleImage|x86.Build.0 = Release|x86
		{86628A5A-EFD9-49A8-AAA5-2589417AF979}.CD_ROM|Any CPU.ActiveCfg = Release|Win32
		{86628A5A-EFD9-49A8-AAA5-2589417AF979}.CD_ROM|Any CPU.Build.0 = Release|Win32
		{86628A5A-EFD9-49A8-AAA5-2589417AF979}.CD_ROM|Mixed Platforms.ActiveCfg = Release|Win32
		{86628A5A-EFD9-49A8-AAA5-2589417AF979}.CD_ROM|Mixed Platforms.Build.0 = Release|Win32
		{86628A5A-EFD9-49A8-AAA5-2589417AF979}.CD_ROM|Win32.ActiveCfg = Release|Win32
		{86628A5A-EFD9-49A8-AAA5-2589417AF979}.CD_ROM|Win32.Build.0 = Release|Win32
		{86628A5A-EFD9-49A8-AAA5-2589417AF979}.CD_ROM|x64.ActiveCfg = Release|x64
		{86628A5A-EFD9-49A8-AAA5-2589417AF979}.CD_ROM|x64.Build.0 = Release|x64
		{86628A5A-EFD9-49A8-AAA5-2589417AF979}.CD_ROM|x86.ActiveCfg = Release|Win32
		{86628A5A-EFD9-49A8-AAA5-2589417AF979}.CD_ROM|x86.Build.0 = Release|Win32
		{86628A5A-EFD9-49A8-AAA5-2589417AF979}.Debug|Any CPU.ActiveCfg = Release|x64
		{86628A5A-EFD9-49A8-AAA5-2589417AF979}.Debug|Mixed Platforms.ActiveCfg = Debug|x64
		{86628A5A-EFD9-49A8-AAA5-2589417AF979}.Debug|Mixed Platforms.Build.0 = Debug|x64
		{86628A5A-EFD9-49A8-AAA5-2589417AF979}.Debug|Win32.ActiveCfg = Debug|Win32
		{86628A5A-EFD9-49A8-AAA5-2589417AF979}.Debug|Win32.Build.0 = Debug|Win32
		{86628A5A-EFD9-49A8-AAA5-2589417AF979}.Debug|x64.ActiveCfg = Debug|x64
		{86628A5A-EFD9-49A8-AAA5-2589417AF979}.Debug|x64.Build.0 = Debug|x64
		{86628A5A-EFD9-49A8-AAA5-2589417AF979}.Debug|x86.ActiveCfg = Debug|x64
		{86628A5A-EFD9-49A8-AAA5-2589417AF979}.DVD-5|Any CPU.ActiveCfg = Release|Win32
		{86628A5A-EFD9-49A8-AAA5-2589417AF979}.DVD-5|Any CPU.Build.0 = Release|Win32
		{86628A5A-EFD9-49A8-AAA5-2589417AF979}.DVD-5|Mixed Platforms.ActiveCfg = Debug|Win32
		{86628A5A-EFD9-49A8-AAA5-2589417AF979}.DVD-5|Mixed Platforms.Build.0 = Debug|Win32
		{86628A5A-EFD9-49A8-AAA5-2589417AF979}.DVD-5|Win32.ActiveCfg = Debug|Win32
		{86628A5A-EFD9-49A8-AAA5-2589417AF979}.DVD-5|Win32.Build.0 = Debug|Win32
		{86628A5A-EFD9-49A8-AAA5-2589417AF979}.DVD-5|x64.ActiveCfg = Debug|x64
		{86628A5A-EFD9-49A8-AAA5-2589417AF979}.DVD-5|x64.Build.0 = Debug|x64
		{86628A5A-EFD9-49A8-AAA5-2589417AF979}.DVD-5|x86.ActiveCfg = Debug|Win32
		{86628A5A-EFD9-49A8-AAA5-2589417AF979}.DVD-5|x86.Build.0 = Debug|Win32
		{86628A5A-EFD9-49A8-AAA5-2589417AF979}.Release|Any CPU.ActiveCfg = Release|x64
		{86628A5A-EFD9-49A8-AAA5-2589417AF979}.Release|Mixed Platforms.ActiveCfg = Debug|Win32
		{86628A5A-EFD9-49A8-AAA5-2589417AF979}.Release|Mixed Platforms.Build.0 = Debug|Win32
		{86628A5A-EFD9-49A8-AAA5-2589417AF979}.Release|Win32.ActiveCfg = Release|Win32
		{86628A5A-EFD9-49A8-AAA5-2589417AF979}.Release|Win32.Build.0 = Release|Win32
		{86628A5A-EFD9-49A8-AAA5-2589417AF979}.Release|x64.ActiveCfg = Release|Win32
		{86628A5A-EFD9-49A8-AAA5-2589417AF979}.Release|x86.ActiveCfg = Release|Win32
		{86628A5A-EFD9-49A8-AAA5-2589417AF979}.SingleImage|Any CPU.ActiveCfg = Release|Win32
		{86628A5A-EFD9-49A8-AAA5-2589417AF979}.SingleImage|Any CPU.Build.0 = Release|Win32
		{86628A5A-EFD9-49A8-AAA5-2589417AF979}.SingleImage|Mixed Platforms.ActiveCfg = Release|Win32
		{86628A5A-EFD9-49A8-AAA5-2589417AF979}.SingleImage|Mixed Platforms.Build.0 = Release|Win32
		{86628A5A-EFD9-49A8-AAA5-2589417AF979}.SingleImage|Win32.ActiveCfg = Release|Win32
		{86628A5A-EFD9-49A8-AAA5-2589417AF979}.SingleImage|Win32.Build.0 = Release|Win32
		{86628A5A-EFD9-49A8-AAA5-2589417AF979}.SingleImage|x64.ActiveCfg = Release|x64
		{86628A5A-EFD9-49A8-AAA5-2589417AF979}.SingleImage|x64.Build.0 = Release|x64
		{86628A5A-EFD9-49A8-AAA5-2589417AF979}.SingleImage|x86.ActiveCfg = Release|Win32
		{86628A5A-EFD9-49A8-AAA5-2589417AF979}.SingleImage|x86.Build.0 = Release|Win32
		{77D160E3-AB3D-4263-A8F5-7EA4683D35A3}.CD_ROM|Any CPU.ActiveCfg = Release|Win32
		{77D160E3-AB3D-4263-A8F5-7EA4683D35A3}.CD_ROM|Any CPU.Build.0 = Release|Win32
		{77D160E3-AB3D-4263-A8F5-7EA4683D35A3}.CD_ROM|Mixed Platforms.ActiveCfg = Release|Win32
		{77D160E3-AB3D-4263-A8F5-7EA4683D35A3}.CD_ROM|Mixed Platforms.Build.0 = Release|Win32
		{77D160E3-AB3D-4263-A8F5-7EA4683D35A3}.CD_ROM|Win32.ActiveCfg = Release|Win32
		{77D160E3-AB3D-4263-A8F5-7EA4683D35A3}.CD_ROM|Win32.Build.0 = Release|Win32
		{77D160E3-AB3D-4263-A8F5-7EA4683D35A3}.CD_ROM|x64.ActiveCfg = Release|x64
		{77D160E3-AB3D-4263-A8F5-7EA4683D35A3}.CD_ROM|x64.Build.0 = Release|x64
		{77D160E3-AB3D-4263-A8F5-7EA4683D35A3}.CD_ROM|x86.ActiveCfg = Release|Win32
		{77D160E3-AB3D-4263-A8F5-7EA4683D35A3}.CD_ROM|x86.Build.0 = Release|Win32
		{77D160E3-AB3D-4263-A8F5-7EA4683D35A3}.Debug|Any CPU.ActiveCfg = Release|x64
		{77D160E3-AB3D-4263-A8F5-7EA4683D35A3}.Debug|Mixed Platforms.ActiveCfg = Debug|x64
		{77D160E3-AB3D-4263-A8F5-7EA4683D35A3}.Debug|Mixed Platforms.Build.0 = Debug|x64
		{77D160E3-AB3D-4263-A8F5-7EA4683D35A3}.Debug|Win32.ActiveCfg = Debug|Win32
		{77D160E3-AB3D-4263-A8F5-7EA4683D35A3}.Debug|Win32.Build.0 = Debug|Win32
		{77D160E3-AB3D-4263-A8F5-7EA4683D35A3}.Debug|x64.ActiveCfg = Debug|x64
		{77D160E3-AB3D-4263-A8F5-7EA4683D35A3}.Debug|x64.Build.0 = Debug|x64
		{77D160E3-AB3D-4263-A8F5-7EA4683D35A3}.Debug|x86.ActiveCfg = Debug|x64
		{77D160E3-AB3D-4263-A8F5-7EA4683D35A3}.DVD-5|Any CPU.ActiveCfg = Release|Win32
		{77D160E3-AB3D-4263-A8F5-7EA4683D35A3}.DVD-5|Any CPU.Build.0 = Release|Win32
		{77D160E3-AB3D-4263-A8F5-7EA4683D35A3}.DVD-5|Mixed Platforms.ActiveCfg = Debug|Win32
		{77D160E3-AB3D-4263-A8F5-7EA4683D35A3}.DVD-5|Mixed Platforms.Build.0 = Debug|Win32
		{77D160E3-AB3D-4263-A8F5-7EA4683D35A3}.DVD-5|Win32.ActiveCfg = Debug|Win32
		{77D160E3-AB3D-4263-A8F5-7EA4683D35A3}.DVD-5|Win32.Build.0 = Debug|Win32
		{77D160E3-AB3D-4263-A8F5-7EA4683D35A3}.DVD-5|x64.ActiveCfg = Debug|x64
		{77D160E3-AB3D-4263-A8F5-7EA4683D35A3}.DVD-5|x64.Build.0 = Debug|x64
		{77D160E3-AB3D-4263-A8F5-7EA4683D35A3}.DVD-5|x86.ActiveCfg = Debug|Win32
		{77D160E3-AB3D-4263-A8F5-7EA4683D35A3}.DVD-5|x86.Build.0 = Debug|Win32
		{77D160E3-AB3D-4263-A8F5-7EA4683D35A3}.Release|Any CPU.ActiveCfg = Release|x64
		{77D160E3-AB3D-4263-A8F5-7EA4683D35A3}.Release|Mixed Platforms.ActiveCfg = Debug|Win32
		{77D160E3-AB3D-4263-A8F5-7EA4683D35A3}.Release|Mixed Platforms.Build.0 = Debug|Win32
		{77D160E3-AB3D-4263-A8F5-7EA4683D35A3}.Release|Win32.ActiveCfg = Release|Win32
		{77D160E3-AB3D-4263-A8F5-7EA4683D35A3}.Release|Win32.Build.0 = Release|Win32
		{77D160E3-AB3D-4263-A8F5-7EA4683D35A3}.Release|x64.ActiveCfg = Release|x64
		{77D160E3-AB3D-4263-A8F5-7EA4683D35A3}.Release|x64.Build.0 = Release|x64
		{77D160E3-AB3D-4263-A8F5-7EA4683D35A3}.Release|x86.ActiveCfg = Release|x64
		{77D160E3-AB3D-4263-A8F5-7EA4683D35A3}.SingleImage|Any CPU.ActiveCfg = Release|Win32
		{77D160E3-AB3D-4263-A8F5-7EA4683D35A3}.SingleImage|Any CPU.Build.0 = Release|Win32
		{77D160E3-AB3D-4263-A8F5-7EA4683D35A3}.SingleImage|Mixed Platforms.ActiveCfg = Release|Win32
		{77D160E3-AB3D-4263-A8F5-7EA4683D35A3}.SingleImage|Mixed Platforms.Build.0 = Release|Win32
		{77D160E3-AB3D-4263-A8F5-7EA4683D35A3}.SingleImage|Win32.ActiveCfg = Release|Win32
		{77D160E3-AB3D-4263-A8F5-7EA4683D35A3}.SingleImage|Win32.Build.0 = Release|Win32
		{77D160E3-AB3D-4263-A8F5-7EA4683D35A3}.SingleImage|x64.ActiveCfg = Release|x64
		{77D160E3-AB3D-4263-A8F5-7EA4683D35A3}.SingleImage|x64.Build.0 = Release|x64
		{77D160E3-AB3D-4263-A8F5-7EA4683D35A3}.SingleImage|x86.ActiveCfg = Release|Win32
		{77D160E3-AB3D-4263-A8F5-7EA4683D35A3}.SingleImage|x86.Build.0 = Release|Win32
		{79CE48BE-4787-4ECC-8789-03C5CA600DE4}.CD_ROM|Any CPU.ActiveCfg = Release|x64
		{79CE48BE-4787-4ECC-8789-03C5CA600DE4}.CD_ROM|Any CPU.Build.0 = Release|x64
		{79CE48BE-4787-4ECC-8789-03C5CA600DE4}.CD_ROM|Mixed Platforms.ActiveCfg = Release|x86
		{79CE48BE-4787-4ECC-8789-03C5CA600DE4}.CD_ROM|Mixed Platforms.Build.0 = Release|x86
		{79CE48BE-4787-4ECC-8789-03C5CA600DE4}.CD_ROM|Win32.ActiveCfg = Release|x86
		{79CE48BE-4787-4ECC-8789-03C5CA600DE4}.CD_ROM|Win32.Build.0 = Release|x86
		{79CE48BE-4787-4ECC-8789-03C5CA600DE4}.CD_ROM|x64.ActiveCfg = Release|x64
		{79CE48BE-4787-4ECC-8789-03C5CA600DE4}.CD_ROM|x64.Build.0 = Release|x64
		{79CE48BE-4787-4ECC-8789-03C5CA600DE4}.CD_ROM|x86.ActiveCfg = Release|x86
		{79CE48BE-4787-4ECC-8789-03C5CA600DE4}.CD_ROM|x86.Build.0 = Release|x86
		{79CE48BE-4787-4ECC-8789-03C5CA600DE4}.Debug|Any CPU.ActiveCfg = Debug|x64
		{79CE48BE-4787-4ECC-8789-03C5CA600DE4}.Debug|Any CPU.Build.0 = Debug|x64
		{79CE48BE-4787-4ECC-8789-03C5CA600DE4}.Debug|Mixed Platforms.ActiveCfg = Debug|x86
		{79CE48BE-4787-4ECC-8789-03C5CA600DE4}.Debug|Mixed Platforms.Build.0 = Debug|x86
		{79CE48BE-4787-4ECC-8789-03C5CA600DE4}.Debug|Win32.ActiveCfg = Debug|x86
		{79CE48BE-4787-4ECC-8789-03C5CA600DE4}.Debug|x64.ActiveCfg = Debug|x64
		{79CE48BE-4787-4ECC-8789-03C5CA600DE4}.Debug|x64.Build.0 = Debug|x64
		{79CE48BE-4787-4ECC-8789-03C5CA600DE4}.Debug|x86.ActiveCfg = Debug|x86
		{79CE48BE-4787-4ECC-8789-03C5CA600DE4}.DVD-5|Any CPU.ActiveCfg = Release|x64
		{79CE48BE-4787-4ECC-8789-03C5CA600DE4}.DVD-5|Any CPU.Build.0 = Release|x64
		{79CE48BE-4787-4ECC-8789-03C5CA600DE4}.DVD-5|Mixed Platforms.ActiveCfg = Debug|x86
		{79CE48BE-4787-4ECC-8789-03C5CA600DE4}.DVD-5|Mixed Platforms.Build.0 = Debug|x86
		{79CE48BE-4787-4ECC-8789-03C5CA600DE4}.DVD-5|Win32.ActiveCfg = Debug|x86
		{79CE48BE-4787-4ECC-8789-03C5CA600DE4}.DVD-5|Win32.Build.0 = Debug|x86
		{79CE48BE-4787-4ECC-8789-03C5CA600DE4}.DVD-5|x64.ActiveCfg = Debug|x64
		{79CE48BE-4787-4ECC-8789-03C5CA600DE4}.DVD-5|x64.Build.0 = Debug|x64
		{79CE48BE-4787-4ECC-8789-03C5CA600DE4}.DVD-5|x86.ActiveCfg = Debug|x86
		{79CE48BE-4787-4ECC-8789-03C5CA600DE4}.DVD-5|x86.Build.0 = Debug|x86
		{79CE48BE-4787-4ECC-8789-03C5CA600DE4}.Release|Any CPU.ActiveCfg = Release|x64
		{79CE48BE-4787-4ECC-8789-03C5CA600DE4}.Release|Any CPU.Build.0 = Release|x64
		{79CE48BE-4787-4ECC-8789-03C5CA600DE4}.Release|Mixed Platforms.ActiveCfg = Release|x86
		{79CE48BE-4787-4ECC-8789-03C5CA600DE4}.Release|Mixed Platforms.Build.0 = Release|x86
		{79CE48BE-4787-4ECC-8789-03C5CA600DE4}.Release|Win32.ActiveCfg = Release|x86
		{79CE48BE-4787-4ECC-8789-03C5CA600DE4}.Release|x64.ActiveCfg = Release|x86
		{79CE48BE-4787-4ECC-8789-03C5CA600DE4}.Release|x86.ActiveCfg = Release|x86
		{79CE48BE-4787-4ECC-8789-03C5CA600DE4}.Release|x86.Build.0 = Release|x86
		{79CE48BE-4787-4ECC-8789-03C5CA600DE4}.SingleImage|Any CPU.ActiveCfg = Release|x64
		{79CE48BE-4787-4ECC-8789-03C5CA600DE4}.SingleImage|Any CPU.Build.0 = Release|x64
		{79CE48BE-4787-4ECC-8789-03C5CA600DE4}.SingleImage|Mixed Platforms.ActiveCfg = Release|x86
		{79CE48BE-4787-4ECC-8789-03C5CA600DE4}.SingleImage|Mixed Platforms.Build.0 = Release|x86
		{79CE48BE-4787-4ECC-8789-03C5CA600DE4}.SingleImage|Win32.ActiveCfg = Release|x86
		{79CE48BE-4787-4ECC-8789-03C5CA600DE4}.SingleImage|Win32.Build.0 = Release|x86
		{79CE48BE-4787-4ECC-8789-03C5CA600DE4}.SingleImage|x64.ActiveCfg = Release|x64
		{79CE48BE-4787-4ECC-8789-03C5CA600DE4}.SingleImage|x64.Build.0 = Release|x64
		{79CE48BE-4787-4ECC-8789-03C5CA600DE4}.SingleImage|x86.ActiveCfg = Release|x86
		{79CE48BE-4787-4ECC-8789-03C5CA600DE4}.SingleImage|x86.Build.0 = Release|x86
		{8EDCA178-D5B6-4F7A-BF23-2B2F959B5DDA}.CD_ROM|Any CPU.ActiveCfg = Release|x86
		{8EDCA178-D5B6-4F7A-BF23-2B2F959B5DDA}.CD_ROM|Any CPU.Build.0 = Release|x86
		{8EDCA178-D5B6-4F7A-BF23-2B2F959B5DDA}.CD_ROM|Mixed Platforms.ActiveCfg = Release|x86
		{8EDCA178-D5B6-4F7A-BF23-2B2F959B5DDA}.CD_ROM|Mixed Platforms.Build.0 = Release|x86
		{8EDCA178-D5B6-4F7A-BF23-2B2F959B5DDA}.CD_ROM|Win32.ActiveCfg = Release|x86
		{8EDCA178-D5B6-4F7A-BF23-2B2F959B5DDA}.CD_ROM|Win32.Build.0 = Release|x86
		{8EDCA178-D5B6-4F7A-BF23-2B2F959B5DDA}.CD_ROM|x64.ActiveCfg = Release|x64
		{8EDCA178-D5B6-4F7A-BF23-2B2F959B5DDA}.CD_ROM|x64.Build.0 = Release|x64
		{8EDCA178-D5B6-4F7A-BF23-2B2F959B5DDA}.CD_ROM|x86.ActiveCfg = Release|x86
		{8EDCA178-D5B6-4F7A-BF23-2B2F959B5DDA}.CD_ROM|x86.Build.0 = Release|x86
		{8EDCA178-D5B6-4F7A-BF23-2B2F959B5DDA}.Debug|Any CPU.ActiveCfg = Debug|x64
		{8EDCA178-D5B6-4F7A-BF23-2B2F959B5DDA}.Debug|Any CPU.Build.0 = Debug|x64
		{8EDCA178-D5B6-4F7A-BF23-2B2F959B5DDA}.Debug|Mixed Platforms.ActiveCfg = Debug|x86
		{8EDCA178-D5B6-4F7A-BF23-2B2F959B5DDA}.Debug|Mixed Platforms.Build.0 = Debug|x86
		{8EDCA178-D5B6-4F7A-BF23-2B2F959B5DDA}.Debug|Win32.ActiveCfg = Debug|x86
		{8EDCA178-D5B6-4F7A-BF23-2B2F959B5DDA}.Debug|x64.ActiveCfg = Release|x64
		{8EDCA178-D5B6-4F7A-BF23-2B2F959B5DDA}.Debug|x64.Build.0 = Release|x64
		{8EDCA178-D5B6-4F7A-BF23-2B2F959B5DDA}.Debug|x86.ActiveCfg = Debug|x86
		{8EDCA178-D5B6-4F7A-BF23-2B2F959B5DDA}.Debug|x86.Build.0 = Debug|x86
		{8EDCA178-D5B6-4F7A-BF23-2B2F959B5DDA}.DVD-5|Any CPU.ActiveCfg = Release|x86
		{8EDCA178-D5B6-4F7A-BF23-2B2F959B5DDA}.DVD-5|Any CPU.Build.0 = Release|x86
		{8EDCA178-D5B6-4F7A-BF23-2B2F959B5DDA}.DVD-5|Mixed Platforms.ActiveCfg = Debug|x86
		{8EDCA178-D5B6-4F7A-BF23-2B2F959B5DDA}.DVD-5|Mixed Platforms.Build.0 = Debug|x86
		{8EDCA178-D5B6-4F7A-BF23-2B2F959B5DDA}.DVD-5|Win32.ActiveCfg = Debug|x86
		{8EDCA178-D5B6-4F7A-BF23-2B2F959B5DDA}.DVD-5|Win32.Build.0 = Debug|x86
		{8EDCA178-D5B6-4F7A-BF23-2B2F959B5DDA}.DVD-5|x64.ActiveCfg = Debug|x64
		{8EDCA178-D5B6-4F7A-BF23-2B2F959B5DDA}.DVD-5|x64.Build.0 = Debug|x64
		{8EDCA178-D5B6-4F7A-BF23-2B2F959B5DDA}.DVD-5|x86.ActiveCfg = Debug|x86
		{8EDCA178-D5B6-4F7A-BF23-2B2F959B5DDA}.DVD-5|x86.Build.0 = Debug|x86
		{8EDCA178-D5B6-4F7A-BF23-2B2F959B5DDA}.Release|Any CPU.ActiveCfg = Release|x64
		{8EDCA178-D5B6-4F7A-BF23-2B2F959B5DDA}.Release|Mixed Platforms.ActiveCfg = Release|x86
		{8EDCA178-D5B6-4F7A-BF23-2B2F959B5DDA}.Release|Mixed Platforms.Build.0 = Release|x86
		{8EDCA178-D5B6-4F7A-BF23-2B2F959B5DDA}.Release|Win32.ActiveCfg = Release|x86
		{8EDCA178-D5B6-4F7A-BF23-2B2F959B5DDA}.Release|x64.ActiveCfg = Release|x86
		{8EDCA178-D5B6-4F7A-BF23-2B2F959B5DDA}.Release|x86.ActiveCfg = Release|x86
		{8EDCA178-D5B6-4F7A-BF23-2B2F959B5DDA}.Release|x86.Build.0 = Release|x86
		{8EDCA178-D5B6-4F7A-BF23-2B2F959B5DDA}.SingleImage|Any CPU.ActiveCfg = Release|x86
		{8EDCA178-D5B6-4F7A-BF23-2B2F959B5DDA}.SingleImage|Any CPU.Build.0 = Release|x86
		{8EDCA178-D5B6-4F7A-BF23-2B2F959B5DDA}.SingleImage|Mixed Platforms.ActiveCfg = Release|x86
		{8EDCA178-D5B6-4F7A-BF23-2B2F959B5DDA}.SingleImage|Mixed Platforms.Build.0 = Release|x86
		{8EDCA178-D5B6-4F7A-BF23-2B2F959B5DDA}.SingleImage|Win32.ActiveCfg = Release|x86
		{8EDCA178-D5B6-4F7A-BF23-2B2F959B5DDA}.SingleImage|Win32.Build.0 = Release|x86
		{8EDCA178-D5B6-4F7A-BF23-2B2F959B5DDA}.SingleImage|x64.ActiveCfg = Release|x64
		{8EDCA178-D5B6-4F7A-BF23-2B2F959B5DDA}.SingleImage|x64.Build.0 = Release|x64
		{8EDCA178-D5B6-4F7A-BF23-2B2F959B5DDA}.SingleImage|x86.ActiveCfg = Release|x86
		{8EDCA178-D5B6-4F7A-BF23-2B2F959B5DDA}.SingleImage|x86.Build.0 = Release|x86
		{EC61337A-4FF4-446F-97C8-F3F6E31B933D}.CD_ROM|Any CPU.ActiveCfg = Release|Any CPU
		{EC61337A-4FF4-446F-97C8-F3F6E31B933D}.CD_ROM|Any CPU.Build.0 = Release|Any CPU
		{EC61337A-4FF4-446F-97C8-F3F6E31B933D}.CD_ROM|Mixed Platforms.ActiveCfg = Release|x86
		{EC61337A-4FF4-446F-97C8-F3F6E31B933D}.CD_ROM|Mixed Platforms.Build.0 = Release|x86
		{EC61337A-4FF4-446F-97C8-F3F6E31B933D}.CD_ROM|Win32.ActiveCfg = Release|x86
		{EC61337A-4FF4-446F-97C8-F3F6E31B933D}.CD_ROM|Win32.Build.0 = Release|x86
		{EC61337A-4FF4-446F-97C8-F3F6E31B933D}.CD_ROM|x64.ActiveCfg = Release|x64
		{EC61337A-4FF4-446F-97C8-F3F6E31B933D}.CD_ROM|x64.Build.0 = Release|x64
		{EC61337A-4FF4-446F-97C8-F3F6E31B933D}.CD_ROM|x86.ActiveCfg = Release|x86
		{EC61337A-4FF4-446F-97C8-F3F6E31B933D}.CD_ROM|x86.Build.0 = Release|x86
		{EC61337A-4FF4-446F-97C8-F3F6E31B933D}.Debug|Any CPU.ActiveCfg = Debug|x64
		{EC61337A-4FF4-446F-97C8-F3F6E31B933D}.Debug|Any CPU.Build.0 = Debug|x64
		{EC61337A-4FF4-446F-97C8-F3F6E31B933D}.Debug|Mixed Platforms.ActiveCfg = Debug|x64
		{EC61337A-4FF4-446F-97C8-F3F6E31B933D}.Debug|Mixed Platforms.Build.0 = Debug|x64
		{EC61337A-4FF4-446F-97C8-F3F6E31B933D}.Debug|Win32.ActiveCfg = Debug|Any CPU
		{EC61337A-4FF4-446F-97C8-F3F6E31B933D}.Debug|x64.ActiveCfg = Debug|x64
		{EC61337A-4FF4-446F-97C8-F3F6E31B933D}.Debug|x64.Build.0 = Debug|x64
		{EC61337A-4FF4-446F-97C8-F3F6E31B933D}.Debug|x86.ActiveCfg = Debug|Any CPU
		{EC61337A-4FF4-446F-97C8-F3F6E31B933D}.DVD-5|Any CPU.ActiveCfg = Debug|Any CPU
		{EC61337A-4FF4-446F-97C8-F3F6E31B933D}.DVD-5|Any CPU.Build.0 = Debug|Any CPU
		{EC61337A-4FF4-446F-97C8-F3F6E31B933D}.DVD-5|Mixed Platforms.ActiveCfg = Debug|x86
		{EC61337A-4FF4-446F-97C8-F3F6E31B933D}.DVD-5|Mixed Platforms.Build.0 = Debug|x86
		{EC61337A-4FF4-446F-97C8-F3F6E31B933D}.DVD-5|Win32.ActiveCfg = Debug|x86
		{EC61337A-4FF4-446F-97C8-F3F6E31B933D}.DVD-5|Win32.Build.0 = Debug|x86
		{EC61337A-4FF4-446F-97C8-F3F6E31B933D}.DVD-5|x64.ActiveCfg = Debug|x64
		{EC61337A-4FF4-446F-97C8-F3F6E31B933D}.DVD-5|x64.Build.0 = Debug|x64
		{EC61337A-4FF4-446F-97C8-F3F6E31B933D}.DVD-5|x86.ActiveCfg = Debug|x86
		{EC61337A-4FF4-446F-97C8-F3F6E31B933D}.DVD-5|x86.Build.0 = Debug|x86
		{EC61337A-4FF4-446F-97C8-F3F6E31B933D}.Release|Any CPU.ActiveCfg = Release|x64
		{EC61337A-4FF4-446F-97C8-F3F6E31B933D}.Release|Any CPU.Build.0 = Release|x64
		{EC61337A-4FF4-446F-97C8-F3F6E31B933D}.Release|Mixed Platforms.ActiveCfg = Release|x64
		{EC61337A-4FF4-446F-97C8-F3F6E31B933D}.Release|Mixed Platforms.Build.0 = Release|x64
		{EC61337A-4FF4-446F-97C8-F3F6E31B933D}.Release|Win32.ActiveCfg = Release|Any CPU
		{EC61337A-4FF4-446F-97C8-F3F6E31B933D}.Release|x64.ActiveCfg = Release|Any CPU
		{EC61337A-4FF4-446F-97C8-F3F6E31B933D}.Release|x86.ActiveCfg = Release|Any CPU
		{EC61337A-4FF4-446F-97C8-F3F6E31B933D}.SingleImage|Any CPU.ActiveCfg = Release|Any CPU
		{EC61337A-4FF4-446F-97C8-F3F6E31B933D}.SingleImage|Any CPU.Build.0 = Release|Any CPU
		{EC61337A-4FF4-446F-97C8-F3F6E31B933D}.SingleImage|Mixed Platforms.ActiveCfg = Release|x86
		{EC61337A-4FF4-446F-97C8-F3F6E31B933D}.SingleImage|Mixed Platforms.Build.0 = Release|x86
		{EC61337A-4FF4-446F-97C8-F3F6E31B933D}.SingleImage|Win32.ActiveCfg = Release|x86
		{EC61337A-4FF4-446F-97C8-F3F6E31B933D}.SingleImage|Win32.Build.0 = Release|x86
		{EC61337A-4FF4-446F-97C8-F3F6E31B933D}.SingleImage|x64.ActiveCfg = Release|x64
		{EC61337A-4FF4-446F-97C8-F3F6E31B933D}.SingleImage|x64.Build.0 = Release|x64
		{EC61337A-4FF4-446F-97C8-F3F6E31B933D}.SingleImage|x86.ActiveCfg = Release|x86
		{EC61337A-4FF4-446F-97C8-F3F6E31B933D}.SingleImage|x86.Build.0 = Release|x86
		{ED66A948-982C-4F0D-BB22-7A295A73D550}.CD_ROM|Any CPU.ActiveCfg = Release|Any CPU
		{ED66A948-982C-4F0D-BB22-7A295A73D550}.CD_ROM|Mixed Platforms.ActiveCfg = Release|x86
		{ED66A948-982C-4F0D-BB22-7A295A73D550}.CD_ROM|Win32.ActiveCfg = Release|x86
		{ED66A948-982C-4F0D-BB22-7A295A73D550}.CD_ROM|x64.ActiveCfg = Release|Any CPU
		{ED66A948-982C-4F0D-BB22-7A295A73D550}.CD_ROM|x86.ActiveCfg = Release|x86
		{ED66A948-982C-4F0D-BB22-7A295A73D550}.Debug|Any CPU.ActiveCfg = Debug|Any CPU
		{ED66A948-982C-4F0D-BB22-7A295A73D550}.Debug|Any CPU.Build.0 = Debug|Any CPU
		{ED66A948-982C-4F0D-BB22-7A295A73D550}.Debug|Mixed Platforms.ActiveCfg = Debug|x86
		{ED66A948-982C-4F0D-BB22-7A295A73D550}.Debug|Mixed Platforms.Build.0 = Debug|x86
		{ED66A948-982C-4F0D-BB22-7A295A73D550}.Debug|Win32.ActiveCfg = Debug|x86
		{ED66A948-982C-4F0D-BB22-7A295A73D550}.Debug|x64.ActiveCfg = Debug|x86
		{ED66A948-982C-4F0D-BB22-7A295A73D550}.Debug|x86.ActiveCfg = Debug|x86
		{ED66A948-982C-4F0D-BB22-7A295A73D550}.Debug|x86.Build.0 = Debug|x86
		{ED66A948-982C-4F0D-BB22-7A295A73D550}.DVD-5|Any CPU.ActiveCfg = Debug|Any CPU
		{ED66A948-982C-4F0D-BB22-7A295A73D550}.DVD-5|Mixed Platforms.ActiveCfg = Debug|x86
		{ED66A948-982C-4F0D-BB22-7A295A73D550}.DVD-5|Win32.ActiveCfg = Debug|x86
		{ED66A948-982C-4F0D-BB22-7A295A73D550}.DVD-5|x64.ActiveCfg = Debug|Any CPU
		{ED66A948-982C-4F0D-BB22-7A295A73D550}.DVD-5|x86.ActiveCfg = Debug|x86
		{ED66A948-982C-4F0D-BB22-7A295A73D550}.Release|Any CPU.ActiveCfg = Release|Any CPU
		{ED66A948-982C-4F0D-BB22-7A295A73D550}.Release|Any CPU.Build.0 = Release|Any CPU
		{ED66A948-982C-4F0D-BB22-7A295A73D550}.Release|Mixed Platforms.ActiveCfg = Release|x86
		{ED66A948-982C-4F0D-BB22-7A295A73D550}.Release|Mixed Platforms.Build.0 = Release|x86
		{ED66A948-982C-4F0D-BB22-7A295A73D550}.Release|Win32.ActiveCfg = Release|x86
		{ED66A948-982C-4F0D-BB22-7A295A73D550}.Release|x64.ActiveCfg = Release|x86
		{ED66A948-982C-4F0D-BB22-7A295A73D550}.Release|x86.ActiveCfg = Release|x86
		{ED66A948-982C-4F0D-BB22-7A295A73D550}.Release|x86.Build.0 = Release|x86
		{ED66A948-982C-4F0D-BB22-7A295A73D550}.SingleImage|Any CPU.ActiveCfg = Release|Any CPU
		{ED66A948-982C-4F0D-BB22-7A295A73D550}.SingleImage|Mixed Platforms.ActiveCfg = Release|x86
		{ED66A948-982C-4F0D-BB22-7A295A73D550}.SingleImage|Win32.ActiveCfg = Release|x86
		{ED66A948-982C-4F0D-BB22-7A295A73D550}.SingleImage|x64.ActiveCfg = Release|Any CPU
		{ED66A948-982C-4F0D-BB22-7A295A73D550}.SingleImage|x86.ActiveCfg = Release|x86
		{6AA8399B-D6E2-48C9-B37A-547D1C6054BF}.CD_ROM|Any CPU.ActiveCfg = Release|Any CPU
		{6AA8399B-D6E2-48C9-B37A-547D1C6054BF}.CD_ROM|Mixed Platforms.ActiveCfg = Release|x86
		{6AA8399B-D6E2-48C9-B37A-547D1C6054BF}.CD_ROM|Win32.ActiveCfg = Release|x86
		{6AA8399B-D6E2-48C9-B37A-547D1C6054BF}.CD_ROM|x64.ActiveCfg = Release|Any CPU
		{6AA8399B-D6E2-48C9-B37A-547D1C6054BF}.CD_ROM|x86.ActiveCfg = Release|x86
		{6AA8399B-D6E2-48C9-B37A-547D1C6054BF}.Debug|Any CPU.ActiveCfg = Debug|Any CPU
		{6AA8399B-D6E2-48C9-B37A-547D1C6054BF}.Debug|Any CPU.Build.0 = Debug|Any CPU
		{6AA8399B-D6E2-48C9-B37A-547D1C6054BF}.Debug|Mixed Platforms.ActiveCfg = Debug|x86
		{6AA8399B-D6E2-48C9-B37A-547D1C6054BF}.Debug|Mixed Platforms.Build.0 = Debug|x86
		{6AA8399B-D6E2-48C9-B37A-547D1C6054BF}.Debug|Win32.ActiveCfg = Debug|x86
		{6AA8399B-D6E2-48C9-B37A-547D1C6054BF}.Debug|x64.ActiveCfg = Debug|x86
		{6AA8399B-D6E2-48C9-B37A-547D1C6054BF}.Debug|x86.ActiveCfg = Debug|x86
		{6AA8399B-D6E2-48C9-B37A-547D1C6054BF}.Debug|x86.Build.0 = Debug|x86
		{6AA8399B-D6E2-48C9-B37A-547D1C6054BF}.DVD-5|Any CPU.ActiveCfg = Debug|Any CPU
		{6AA8399B-D6E2-48C9-B37A-547D1C6054BF}.DVD-5|Mixed Platforms.ActiveCfg = Debug|x86
		{6AA8399B-D6E2-48C9-B37A-547D1C6054BF}.DVD-5|Win32.ActiveCfg = Debug|x86
		{6AA8399B-D6E2-48C9-B37A-547D1C6054BF}.DVD-5|x64.ActiveCfg = Debug|Any CPU
		{6AA8399B-D6E2-48C9-B37A-547D1C6054BF}.DVD-5|x86.ActiveCfg = Debug|x86
		{6AA8399B-D6E2-48C9-B37A-547D1C6054BF}.Release|Any CPU.ActiveCfg = Release|Any CPU
		{6AA8399B-D6E2-48C9-B37A-547D1C6054BF}.Release|Any CPU.Build.0 = Release|Any CPU
		{6AA8399B-D6E2-48C9-B37A-547D1C6054BF}.Release|Mixed Platforms.ActiveCfg = Release|x86
		{6AA8399B-D6E2-48C9-B37A-547D1C6054BF}.Release|Mixed Platforms.Build.0 = Release|x86
		{6AA8399B-D6E2-48C9-B37A-547D1C6054BF}.Release|Win32.ActiveCfg = Release|x86
		{6AA8399B-D6E2-48C9-B37A-547D1C6054BF}.Release|x64.ActiveCfg = Release|x86
		{6AA8399B-D6E2-48C9-B37A-547D1C6054BF}.Release|x86.ActiveCfg = Release|x86
		{6AA8399B-D6E2-48C9-B37A-547D1C6054BF}.Release|x86.Build.0 = Release|x86
		{6AA8399B-D6E2-48C9-B37A-547D1C6054BF}.SingleImage|Any CPU.ActiveCfg = Release|Any CPU
		{6AA8399B-D6E2-48C9-B37A-547D1C6054BF}.SingleImage|Mixed Platforms.ActiveCfg = Release|x86
		{6AA8399B-D6E2-48C9-B37A-547D1C6054BF}.SingleImage|Win32.ActiveCfg = Release|x86
		{6AA8399B-D6E2-48C9-B37A-547D1C6054BF}.SingleImage|x64.ActiveCfg = Release|Any CPU
		{6AA8399B-D6E2-48C9-B37A-547D1C6054BF}.SingleImage|x86.ActiveCfg = Release|x86
		{AD9A45A1-990E-42D9-BC4F-50F6DDFDD6C9}.CD_ROM|Any CPU.ActiveCfg = Release|Any CPU
		{AD9A45A1-990E-42D9-BC4F-50F6DDFDD6C9}.CD_ROM|Mixed Platforms.ActiveCfg = Release|x86
		{AD9A45A1-990E-42D9-BC4F-50F6DDFDD6C9}.CD_ROM|Win32.ActiveCfg = Release|x86
		{AD9A45A1-990E-42D9-BC4F-50F6DDFDD6C9}.CD_ROM|x64.ActiveCfg = Release|x64
		{AD9A45A1-990E-42D9-BC4F-50F6DDFDD6C9}.CD_ROM|x86.ActiveCfg = Release|x86
		{AD9A45A1-990E-42D9-BC4F-50F6DDFDD6C9}.Debug|Any CPU.ActiveCfg = Debug|Any CPU
		{AD9A45A1-990E-42D9-BC4F-50F6DDFDD6C9}.Debug|Any CPU.Build.0 = Debug|Any CPU
		{AD9A45A1-990E-42D9-BC4F-50F6DDFDD6C9}.Debug|Mixed Platforms.ActiveCfg = Debug|x64
		{AD9A45A1-990E-42D9-BC4F-50F6DDFDD6C9}.Debug|Mixed Platforms.Build.0 = Debug|x64
		{AD9A45A1-990E-42D9-BC4F-50F6DDFDD6C9}.Debug|Win32.ActiveCfg = Debug|x64
		{AD9A45A1-990E-42D9-BC4F-50F6DDFDD6C9}.Debug|x64.ActiveCfg = Debug|x64
		{AD9A45A1-990E-42D9-BC4F-50F6DDFDD6C9}.Debug|x64.Build.0 = Debug|x64
		{AD9A45A1-990E-42D9-BC4F-50F6DDFDD6C9}.Debug|x86.ActiveCfg = Debug|x86
		{AD9A45A1-990E-42D9-BC4F-50F6DDFDD6C9}.Debug|x86.Build.0 = Debug|x86
		{AD9A45A1-990E-42D9-BC4F-50F6DDFDD6C9}.DVD-5|Any CPU.ActiveCfg = Debug|Any CPU
		{AD9A45A1-990E-42D9-BC4F-50F6DDFDD6C9}.DVD-5|Mixed Platforms.ActiveCfg = Debug|x86
		{AD9A45A1-990E-42D9-BC4F-50F6DDFDD6C9}.DVD-5|Win32.ActiveCfg = Debug|x86
		{AD9A45A1-990E-42D9-BC4F-50F6DDFDD6C9}.DVD-5|x64.ActiveCfg = Debug|x64
		{AD9A45A1-990E-42D9-BC4F-50F6DDFDD6C9}.DVD-5|x86.ActiveCfg = Debug|x86
		{AD9A45A1-990E-42D9-BC4F-50F6DDFDD6C9}.Release|Any CPU.ActiveCfg = Release|Any CPU
		{AD9A45A1-990E-42D9-BC4F-50F6DDFDD6C9}.Release|Any CPU.Build.0 = Release|Any CPU
		{AD9A45A1-990E-42D9-BC4F-50F6DDFDD6C9}.Release|Mixed Platforms.ActiveCfg = Release|x64
		{AD9A45A1-990E-42D9-BC4F-50F6DDFDD6C9}.Release|Mixed Platforms.Build.0 = Release|x64
		{AD9A45A1-990E-42D9-BC4F-50F6DDFDD6C9}.Release|Win32.ActiveCfg = Release|x64
		{AD9A45A1-990E-42D9-BC4F-50F6DDFDD6C9}.Release|x64.ActiveCfg = Release|x64
		{AD9A45A1-990E-42D9-BC4F-50F6DDFDD6C9}.Release|x64.Build.0 = Release|x64
		{AD9A45A1-990E-42D9-BC4F-50F6DDFDD6C9}.Release|x86.ActiveCfg = Release|x86
		{AD9A45A1-990E-42D9-BC4F-50F6DDFDD6C9}.Release|x86.Build.0 = Release|x86
		{AD9A45A1-990E-42D9-BC4F-50F6DDFDD6C9}.SingleImage|Any CPU.ActiveCfg = Release|Any CPU
		{AD9A45A1-990E-42D9-BC4F-50F6DDFDD6C9}.SingleImage|Mixed Platforms.ActiveCfg = Release|x86
		{AD9A45A1-990E-42D9-BC4F-50F6DDFDD6C9}.SingleImage|Win32.ActiveCfg = Release|x86
		{AD9A45A1-990E-42D9-BC4F-50F6DDFDD6C9}.SingleImage|x64.ActiveCfg = Release|x64
		{AD9A45A1-990E-42D9-BC4F-50F6DDFDD6C9}.SingleImage|x86.ActiveCfg = Release|x86
		{DAC83234-3DCD-48F7-B321-7978D3D14993}.CD_ROM|Any CPU.ActiveCfg = Release
		{DAC83234-3DCD-48F7-B321-7978D3D14993}.CD_ROM|Mixed Platforms.ActiveCfg = Release
		{DAC83234-3DCD-48F7-B321-7978D3D14993}.CD_ROM|Win32.ActiveCfg = Release
		{DAC83234-3DCD-48F7-B321-7978D3D14993}.CD_ROM|x64.ActiveCfg = Release
		{DAC83234-3DCD-48F7-B321-7978D3D14993}.CD_ROM|x86.ActiveCfg = Release
		{DAC83234-3DCD-48F7-B321-7978D3D14993}.Debug|Any CPU.ActiveCfg = Debug
		{DAC83234-3DCD-48F7-B321-7978D3D14993}.Debug|Mixed Platforms.ActiveCfg = Debug
		{DAC83234-3DCD-48F7-B321-7978D3D14993}.Debug|Win32.ActiveCfg = Debug
		{DAC83234-3DCD-48F7-B321-7978D3D14993}.Debug|x64.ActiveCfg = Debug
		{DAC83234-3DCD-48F7-B321-7978D3D14993}.Debug|x86.ActiveCfg = Debug
		{DAC83234-3DCD-48F7-B321-7978D3D14993}.DVD-5|Any CPU.ActiveCfg = Debug
		{DAC83234-3DCD-48F7-B321-7978D3D14993}.DVD-5|Mixed Platforms.ActiveCfg = Debug
		{DAC83234-3DCD-48F7-B321-7978D3D14993}.DVD-5|Win32.ActiveCfg = Debug
		{DAC83234-3DCD-48F7-B321-7978D3D14993}.DVD-5|x64.ActiveCfg = Debug
		{DAC83234-3DCD-48F7-B321-7978D3D14993}.DVD-5|x86.ActiveCfg = Debug
		{DAC83234-3DCD-48F7-B321-7978D3D14993}.Release|Any CPU.ActiveCfg = Release
		{DAC83234-3DCD-48F7-B321-7978D3D14993}.Release|Mixed Platforms.ActiveCfg = Release
		{DAC83234-3DCD-48F7-B321-7978D3D14993}.Release|Win32.ActiveCfg = Release
		{DAC83234-3DCD-48F7-B321-7978D3D14993}.Release|x64.ActiveCfg = Release
		{DAC83234-3DCD-48F7-B321-7978D3D14993}.Release|x86.ActiveCfg = Release
		{DAC83234-3DCD-48F7-B321-7978D3D14993}.SingleImage|Any CPU.ActiveCfg = Release
		{DAC83234-3DCD-48F7-B321-7978D3D14993}.SingleImage|Mixed Platforms.ActiveCfg = Release
		{DAC83234-3DCD-48F7-B321-7978D3D14993}.SingleImage|Win32.ActiveCfg = Release
		{DAC83234-3DCD-48F7-B321-7978D3D14993}.SingleImage|x64.ActiveCfg = Release
		{DAC83234-3DCD-48F7-B321-7978D3D14993}.SingleImage|x86.ActiveCfg = Release
		{F3916D1F-E555-4E25-B551-0419A1C798DA}.CD_ROM|Any CPU.ActiveCfg = Release
		{F3916D1F-E555-4E25-B551-0419A1C798DA}.CD_ROM|Mixed Platforms.ActiveCfg = Release
		{F3916D1F-E555-4E25-B551-0419A1C798DA}.CD_ROM|Win32.ActiveCfg = Release
		{F3916D1F-E555-4E25-B551-0419A1C798DA}.CD_ROM|x64.ActiveCfg = Release
		{F3916D1F-E555-4E25-B551-0419A1C798DA}.CD_ROM|x86.ActiveCfg = Release
		{F3916D1F-E555-4E25-B551-0419A1C798DA}.Debug|Any CPU.ActiveCfg = Release
		{F3916D1F-E555-4E25-B551-0419A1C798DA}.Debug|Mixed Platforms.ActiveCfg = Debug
		{F3916D1F-E555-4E25-B551-0419A1C798DA}.Debug|Win32.ActiveCfg = Debug
		{F3916D1F-E555-4E25-B551-0419A1C798DA}.Debug|x64.ActiveCfg = Debug
		{F3916D1F-E555-4E25-B551-0419A1C798DA}.Debug|x86.ActiveCfg = Debug
		{F3916D1F-E555-4E25-B551-0419A1C798DA}.DVD-5|Any CPU.ActiveCfg = Debug
		{F3916D1F-E555-4E25-B551-0419A1C798DA}.DVD-5|Mixed Platforms.ActiveCfg = Debug
		{F3916D1F-E555-4E25-B551-0419A1C798DA}.DVD-5|Win32.ActiveCfg = Debug
		{F3916D1F-E555-4E25-B551-0419A1C798DA}.DVD-5|x64.ActiveCfg = Debug
		{F3916D1F-E555-4E25-B551-0419A1C798DA}.DVD-5|x86.ActiveCfg = Debug
		{F3916D1F-E555-4E25-B551-0419A1C798DA}.Release|Any CPU.ActiveCfg = Release
		{F3916D1F-E555-4E25-B551-0419A1C798DA}.Release|Mixed Platforms.ActiveCfg = Release
		{F3916D1F-E555-4E25-B551-0419A1C798DA}.Release|Win32.ActiveCfg = Release
		{F3916D1F-E555-4E25-B551-0419A1C798DA}.Release|x64.ActiveCfg = Release
		{F3916D1F-E555-4E25-B551-0419A1C798DA}.Release|x86.ActiveCfg = Release
		{F3916D1F-E555-4E25-B551-0419A1C798DA}.SingleImage|Any CPU.ActiveCfg = Release
		{F3916D1F-E555-4E25-B551-0419A1C798DA}.SingleImage|Mixed Platforms.ActiveCfg = Release
		{F3916D1F-E555-4E25-B551-0419A1C798DA}.SingleImage|Win32.ActiveCfg = Release
		{F3916D1F-E555-4E25-B551-0419A1C798DA}.SingleImage|x64.ActiveCfg = Release
		{F3916D1F-E555-4E25-B551-0419A1C798DA}.SingleImage|x86.ActiveCfg = Release
		{446E865E-DC46-45C7-8994-B664EBBDCC6C}.CD_ROM|Any CPU.ActiveCfg = Release|Any CPU
		{446E865E-DC46-45C7-8994-B664EBBDCC6C}.CD_ROM|Any CPU.Build.0 = Release|Any CPU
		{446E865E-DC46-45C7-8994-B664EBBDCC6C}.CD_ROM|Mixed Platforms.ActiveCfg = Release|Any CPU
		{446E865E-DC46-45C7-8994-B664EBBDCC6C}.CD_ROM|Mixed Platforms.Build.0 = Release|Any CPU
		{446E865E-DC46-45C7-8994-B664EBBDCC6C}.CD_ROM|Win32.ActiveCfg = Release|Any CPU
		{446E865E-DC46-45C7-8994-B664EBBDCC6C}.CD_ROM|Win32.Build.0 = Release|Any CPU
		{446E865E-DC46-45C7-8994-B664EBBDCC6C}.CD_ROM|x64.ActiveCfg = Release|Any CPU
		{446E865E-DC46-45C7-8994-B664EBBDCC6C}.CD_ROM|x64.Build.0 = Release|Any CPU
		{446E865E-DC46-45C7-8994-B664EBBDCC6C}.CD_ROM|x86.ActiveCfg = Release|Any CPU
		{446E865E-DC46-45C7-8994-B664EBBDCC6C}.CD_ROM|x86.Build.0 = Release|Any CPU
		{446E865E-DC46-45C7-8994-B664EBBDCC6C}.Debug|Any CPU.ActiveCfg = Debug|Any CPU
		{446E865E-DC46-45C7-8994-B664EBBDCC6C}.Debug|Any CPU.Build.0 = Debug|Any CPU
		{446E865E-DC46-45C7-8994-B664EBBDCC6C}.Debug|Mixed Platforms.ActiveCfg = Debug|Any CPU
		{446E865E-DC46-45C7-8994-B664EBBDCC6C}.Debug|Mixed Platforms.Build.0 = Debug|Any CPU
		{446E865E-DC46-45C7-8994-B664EBBDCC6C}.Debug|Win32.ActiveCfg = Debug|Any CPU
		{446E865E-DC46-45C7-8994-B664EBBDCC6C}.Debug|Win32.Build.0 = Debug|Any CPU
		{446E865E-DC46-45C7-8994-B664EBBDCC6C}.Debug|x64.ActiveCfg = Debug|Any CPU
		{446E865E-DC46-45C7-8994-B664EBBDCC6C}.Debug|x64.Build.0 = Debug|Any CPU
		{446E865E-DC46-45C7-8994-B664EBBDCC6C}.Debug|x86.ActiveCfg = Debug|Any CPU
		{446E865E-DC46-45C7-8994-B664EBBDCC6C}.Debug|x86.Build.0 = Debug|Any CPU
		{446E865E-DC46-45C7-8994-B664EBBDCC6C}.DVD-5|Any CPU.ActiveCfg = Debug|Any CPU
		{446E865E-DC46-45C7-8994-B664EBBDCC6C}.DVD-5|Any CPU.Build.0 = Debug|Any CPU
		{446E865E-DC46-45C7-8994-B664EBBDCC6C}.DVD-5|Mixed Platforms.ActiveCfg = Debug|Any CPU
		{446E865E-DC46-45C7-8994-B664EBBDCC6C}.DVD-5|Mixed Platforms.Build.0 = Debug|Any CPU
		{446E865E-DC46-45C7-8994-B664EBBDCC6C}.DVD-5|Win32.ActiveCfg = Debug|Any CPU
		{446E865E-DC46-45C7-8994-B664EBBDCC6C}.DVD-5|Win32.Build.0 = Debug|Any CPU
		{446E865E-DC46-45C7-8994-B664EBBDCC6C}.DVD-5|x64.ActiveCfg = Debug|Any CPU
		{446E865E-DC46-45C7-8994-B664EBBDCC6C}.DVD-5|x64.Build.0 = Debug|Any CPU
		{446E865E-DC46-45C7-8994-B664EBBDCC6C}.DVD-5|x86.ActiveCfg = Debug|Any CPU
		{446E865E-DC46-45C7-8994-B664EBBDCC6C}.DVD-5|x86.Build.0 = Debug|Any CPU
		{446E865E-DC46-45C7-8994-B664EBBDCC6C}.Release|Any CPU.ActiveCfg = Release|Any CPU
		{446E865E-DC46-45C7-8994-B664EBBDCC6C}.Release|Any CPU.Build.0 = Release|Any CPU
		{446E865E-DC46-45C7-8994-B664EBBDCC6C}.Release|Mixed Platforms.ActiveCfg = Release|Any CPU
		{446E865E-DC46-45C7-8994-B664EBBDCC6C}.Release|Mixed Platforms.Build.0 = Release|Any CPU
		{446E865E-DC46-45C7-8994-B664EBBDCC6C}.Release|Win32.ActiveCfg = Release|Any CPU
		{446E865E-DC46-45C7-8994-B664EBBDCC6C}.Release|Win32.Build.0 = Release|Any CPU
		{446E865E-DC46-45C7-8994-B664EBBDCC6C}.Release|x64.ActiveCfg = Release|Any CPU
		{446E865E-DC46-45C7-8994-B664EBBDCC6C}.Release|x64.Build.0 = Release|Any CPU
		{446E865E-DC46-45C7-8994-B664EBBDCC6C}.Release|x86.ActiveCfg = Release|Any CPU
		{446E865E-DC46-45C7-8994-B664EBBDCC6C}.Release|x86.Build.0 = Release|Any CPU
		{446E865E-DC46-45C7-8994-B664EBBDCC6C}.SingleImage|Any CPU.ActiveCfg = Release|Any CPU
		{446E865E-DC46-45C7-8994-B664EBBDCC6C}.SingleImage|Any CPU.Build.0 = Release|Any CPU
		{446E865E-DC46-45C7-8994-B664EBBDCC6C}.SingleImage|Mixed Platforms.ActiveCfg = Release|Any CPU
		{446E865E-DC46-45C7-8994-B664EBBDCC6C}.SingleImage|Mixed Platforms.Build.0 = Release|Any CPU
		{446E865E-DC46-45C7-8994-B664EBBDCC6C}.SingleImage|Win32.ActiveCfg = Release|Any CPU
		{446E865E-DC46-45C7-8994-B664EBBDCC6C}.SingleImage|Win32.Build.0 = Release|Any CPU
		{446E865E-DC46-45C7-8994-B664EBBDCC6C}.SingleImage|x64.ActiveCfg = Release|Any CPU
		{446E865E-DC46-45C7-8994-B664EBBDCC6C}.SingleImage|x64.Build.0 = Release|Any CPU
		{446E865E-DC46-45C7-8994-B664EBBDCC6C}.SingleImage|x86.ActiveCfg = Release|Any CPU
		{446E865E-DC46-45C7-8994-B664EBBDCC6C}.SingleImage|x86.Build.0 = Release|Any CPU
		{0E31910C-0611-46AA-848B-99CEFC1C2C3F}.CD_ROM|Any CPU.ActiveCfg = Release|Any CPU
		{0E31910C-0611-46AA-848B-99CEFC1C2C3F}.CD_ROM|Any CPU.Build.0 = Release|Any CPU
		{0E31910C-0611-46AA-848B-99CEFC1C2C3F}.CD_ROM|Mixed Platforms.ActiveCfg = Release|Any CPU
		{0E31910C-0611-46AA-848B-99CEFC1C2C3F}.CD_ROM|Mixed Platforms.Build.0 = Release|Any CPU
		{0E31910C-0611-46AA-848B-99CEFC1C2C3F}.CD_ROM|Win32.ActiveCfg = Release|Any CPU
		{0E31910C-0611-46AA-848B-99CEFC1C2C3F}.CD_ROM|Win32.Build.0 = Release|Any CPU
		{0E31910C-0611-46AA-848B-99CEFC1C2C3F}.CD_ROM|x64.ActiveCfg = Release|Any CPU
		{0E31910C-0611-46AA-848B-99CEFC1C2C3F}.CD_ROM|x64.Build.0 = Release|Any CPU
		{0E31910C-0611-46AA-848B-99CEFC1C2C3F}.CD_ROM|x86.ActiveCfg = Release|Any CPU
		{0E31910C-0611-46AA-848B-99CEFC1C2C3F}.CD_ROM|x86.Build.0 = Release|Any CPU
		{0E31910C-0611-46AA-848B-99CEFC1C2C3F}.Debug|Any CPU.ActiveCfg = Debug|Any CPU
		{0E31910C-0611-46AA-848B-99CEFC1C2C3F}.Debug|Any CPU.Build.0 = Debug|Any CPU
		{0E31910C-0611-46AA-848B-99CEFC1C2C3F}.Debug|Mixed Platforms.ActiveCfg = Debug|Any CPU
		{0E31910C-0611-46AA-848B-99CEFC1C2C3F}.Debug|Mixed Platforms.Build.0 = Debug|Any CPU
		{0E31910C-0611-46AA-848B-99CEFC1C2C3F}.Debug|Win32.ActiveCfg = Debug|Any CPU
		{0E31910C-0611-46AA-848B-99CEFC1C2C3F}.Debug|Win32.Build.0 = Debug|Any CPU
		{0E31910C-0611-46AA-848B-99CEFC1C2C3F}.Debug|x64.ActiveCfg = Debug|Any CPU
		{0E31910C-0611-46AA-848B-99CEFC1C2C3F}.Debug|x64.Build.0 = Debug|Any CPU
		{0E31910C-0611-46AA-848B-99CEFC1C2C3F}.Debug|x86.ActiveCfg = Debug|Any CPU
		{0E31910C-0611-46AA-848B-99CEFC1C2C3F}.Debug|x86.Build.0 = Debug|Any CPU
		{0E31910C-0611-46AA-848B-99CEFC1C2C3F}.DVD-5|Any CPU.ActiveCfg = Debug|Any CPU
		{0E31910C-0611-46AA-848B-99CEFC1C2C3F}.DVD-5|Any CPU.Build.0 = Debug|Any CPU
		{0E31910C-0611-46AA-848B-99CEFC1C2C3F}.DVD-5|Mixed Platforms.ActiveCfg = Debug|Any CPU
		{0E31910C-0611-46AA-848B-99CEFC1C2C3F}.DVD-5|Mixed Platforms.Build.0 = Debug|Any CPU
		{0E31910C-0611-46AA-848B-99CEFC1C2C3F}.DVD-5|Win32.ActiveCfg = Debug|Any CPU
		{0E31910C-0611-46AA-848B-99CEFC1C2C3F}.DVD-5|Win32.Build.0 = Debug|Any CPU
		{0E31910C-0611-46AA-848B-99CEFC1C2C3F}.DVD-5|x64.ActiveCfg = Debug|Any CPU
		{0E31910C-0611-46AA-848B-99CEFC1C2C3F}.DVD-5|x64.Build.0 = Debug|Any CPU
		{0E31910C-0611-46AA-848B-99CEFC1C2C3F}.DVD-5|x86.ActiveCfg = Debug|Any CPU
		{0E31910C-0611-46AA-848B-99CEFC1C2C3F}.DVD-5|x86.Build.0 = Debug|Any CPU
		{0E31910C-0611-46AA-848B-99CEFC1C2C3F}.Release|Any CPU.ActiveCfg = Release|Any CPU
		{0E31910C-0611-46AA-848B-99CEFC1C2C3F}.Release|Any CPU.Build.0 = Release|Any CPU
		{0E31910C-0611-46AA-848B-99CEFC1C2C3F}.Release|Mixed Platforms.ActiveCfg = Release|Any CPU
		{0E31910C-0611-46AA-848B-99CEFC1C2C3F}.Release|Mixed Platforms.Build.0 = Release|Any CPU
		{0E31910C-0611-46AA-848B-99CEFC1C2C3F}.Release|Win32.ActiveCfg = Release|Any CPU
		{0E31910C-0611-46AA-848B-99CEFC1C2C3F}.Release|Win32.Build.0 = Release|Any CPU
		{0E31910C-0611-46AA-848B-99CEFC1C2C3F}.Release|x64.ActiveCfg = Release|Any CPU
		{0E31910C-0611-46AA-848B-99CEFC1C2C3F}.Release|x64.Build.0 = Release|Any CPU
		{0E31910C-0611-46AA-848B-99CEFC1C2C3F}.Release|x86.ActiveCfg = Release|Any CPU
		{0E31910C-0611-46AA-848B-99CEFC1C2C3F}.Release|x86.Build.0 = Release|Any CPU
		{0E31910C-0611-46AA-848B-99CEFC1C2C3F}.SingleImage|Any CPU.ActiveCfg = Release|Any CPU
		{0E31910C-0611-46AA-848B-99CEFC1C2C3F}.SingleImage|Any CPU.Build.0 = Release|Any CPU
		{0E31910C-0611-46AA-848B-99CEFC1C2C3F}.SingleImage|Mixed Platforms.ActiveCfg = Release|Any CPU
		{0E31910C-0611-46AA-848B-99CEFC1C2C3F}.SingleImage|Mixed Platforms.Build.0 = Release|Any CPU
		{0E31910C-0611-46AA-848B-99CEFC1C2C3F}.SingleImage|Win32.ActiveCfg = Release|Any CPU
		{0E31910C-0611-46AA-848B-99CEFC1C2C3F}.SingleImage|Win32.Build.0 = Release|Any CPU
		{0E31910C-0611-46AA-848B-99CEFC1C2C3F}.SingleImage|x64.ActiveCfg = Release|Any CPU
		{0E31910C-0611-46AA-848B-99CEFC1C2C3F}.SingleImage|x64.Build.0 = Release|Any CPU
		{0E31910C-0611-46AA-848B-99CEFC1C2C3F}.SingleImage|x86.ActiveCfg = Release|Any CPU
		{0E31910C-0611-46AA-848B-99CEFC1C2C3F}.SingleImage|x86.Build.0 = Release|Any CPU
		{FA03370E-49C1-4696-921B-D965EA49CCEB}.CD_ROM|Any CPU.ActiveCfg = Release
		{FA03370E-49C1-4696-921B-D965EA49CCEB}.CD_ROM|Mixed Platforms.ActiveCfg = Release
		{FA03370E-49C1-4696-921B-D965EA49CCEB}.CD_ROM|Win32.ActiveCfg = Release
		{FA03370E-49C1-4696-921B-D965EA49CCEB}.CD_ROM|x64.ActiveCfg = Release
		{FA03370E-49C1-4696-921B-D965EA49CCEB}.CD_ROM|x86.ActiveCfg = Release
		{FA03370E-49C1-4696-921B-D965EA49CCEB}.Debug|Any CPU.ActiveCfg = Debug
		{FA03370E-49C1-4696-921B-D965EA49CCEB}.Debug|Mixed Platforms.ActiveCfg = Debug
		{FA03370E-49C1-4696-921B-D965EA49CCEB}.Debug|Win32.ActiveCfg = Debug
		{FA03370E-49C1-4696-921B-D965EA49CCEB}.Debug|x64.ActiveCfg = Debug
		{FA03370E-49C1-4696-921B-D965EA49CCEB}.Debug|x86.ActiveCfg = Debug
		{FA03370E-49C1-4696-921B-D965EA49CCEB}.DVD-5|Any CPU.ActiveCfg = Debug
		{FA03370E-49C1-4696-921B-D965EA49CCEB}.DVD-5|Mixed Platforms.ActiveCfg = Debug
		{FA03370E-49C1-4696-921B-D965EA49CCEB}.DVD-5|Win32.ActiveCfg = Debug
		{FA03370E-49C1-4696-921B-D965EA49CCEB}.DVD-5|x64.ActiveCfg = Debug
		{FA03370E-49C1-4696-921B-D965EA49CCEB}.DVD-5|x86.ActiveCfg = Debug
		{FA03370E-49C1-4696-921B-D965EA49CCEB}.Release|Any CPU.ActiveCfg = Release
		{FA03370E-49C1-4696-921B-D965EA49CCEB}.Release|Mixed Platforms.ActiveCfg = Release
		{FA03370E-49C1-4696-921B-D965EA49CCEB}.Release|Win32.ActiveCfg = Release
		{FA03370E-49C1-4696-921B-D965EA49CCEB}.Release|x64.ActiveCfg = Release
		{FA03370E-49C1-4696-921B-D965EA49CCEB}.Release|x86.ActiveCfg = Release
		{FA03370E-49C1-4696-921B-D965EA49CCEB}.SingleImage|Any CPU.ActiveCfg = Release
		{FA03370E-49C1-4696-921B-D965EA49CCEB}.SingleImage|Mixed Platforms.ActiveCfg = Release
		{FA03370E-49C1-4696-921B-D965EA49CCEB}.SingleImage|Win32.ActiveCfg = Release
		{FA03370E-49C1-4696-921B-D965EA49CCEB}.SingleImage|x64.ActiveCfg = Release
		{FA03370E-49C1-4696-921B-D965EA49CCEB}.SingleImage|x86.ActiveCfg = Release
	EndGlobalSection
	GlobalSection(SolutionProperties) = preSolution
		HideSolutionNode = FALSE
	EndGlobalSection
	GlobalSection(NestedProjects) = preSolution
		{EC61337A-4FF4-446F-97C8-F3F6E31B933D} = {5F399E01-49D4-480D-978A-6300DEDCE4FA}
		{ED66A948-982C-4F0D-BB22-7A295A73D550} = {5F399E01-49D4-480D-978A-6300DEDCE4FA}
		{6AA8399B-D6E2-48C9-B37A-547D1C6054BF} = {5F399E01-49D4-480D-978A-6300DEDCE4FA}
		{DAC83234-3DCD-48F7-B321-7978D3D14993} = {5F399E01-49D4-480D-978A-6300DEDCE4FA}
	EndGlobalSection
EndGlobal
