
Microsoft Visual Studio Solution File, Format Version 11.00
# Visual Studio 2010
Project("{FAE04EC0-301F-11D3-BF4B-00C04F79EFBC}") = "PSCBioVerification", "PSCBioVerification\PSCBioVerification.csproj", "{BEA5342F-A7F3-40ED-AEA4-6469845CCAF2}"
EndProject
Project("{54435603-DBB4-11D2-8724-00A0C9A8B90C}") = "PSCBioVerificationSetup", "PSCBioVerificationSetup\PSCBioVerificationSetup.vdproj", "{2379E2D2-2B7D-45A5-821E-03E139C06BC9}"
EndProject
Project("{FAE04EC0-301F-11D3-BF4B-00C04F79EFBC}") = "PSCBioVerificationFace", "PSCBioVerificationFace\PSCBioVerificationFace.csproj", "{4F67BE0A-0BCA-41ED-8D75-67D4A9A4DE1D}"
EndProject
Project("{54435603-DBB4-11D2-8724-00A0C9A8B90C}") = "PSCBioVerificationFaceSetup", "PSCBioVerificationFaceSetup\PSCBioVerificationFaceSetup.vdproj", "{2E4BD137-C012-41A2-8268-EFE43598622F}"
EndProject
Project("{FAE04EC0-301F-11D3-BF4B-00C04F79EFBC}") = "PSCBioIdentification", "PSCBioIdentification\PSCBioIdentification.csproj", "{63E6CA51-11F2-492D-8AA8-C51B4FF5B127}"
EndProject
Project("{8BC9CEB8-8B4A-11D0-8D11-00A0C91BC942}") = "Lookup", "Lookup\Lookup.vcxproj", "{86628A5A-EFD9-49A8-AAA5-2589417AF979}"
EndProject
Project("{8BC9CEB8-8B4A-11D0-8D11-00A0C91BC942}") = "Matcher", "Matcher\Matcher.vcxproj", "{77D160E3-AB3D-4263-A8F5-7EA4683D35A3}"
EndProject
Global
	GlobalSection(SolutionConfigurationPlatforms) = preSolution
		Debug|Mixed Platforms = Debug|Mixed Platforms
		Debug|Win32 = Debug|Win32
		Debug|x64 = Debug|x64
		Debug|x86 = Debug|x86
		Release|Mixed Platforms = Release|Mixed Platforms
		Release|Win32 = Release|Win32
		Release|x64 = Release|x64
		Release|x86 = Release|x86
	EndGlobalSection
	GlobalSection(ProjectConfigurationPlatforms) = postSolution
		{BEA5342F-A7F3-40ED-AEA4-6469845CCAF2}.Debug|Mixed Platforms.ActiveCfg = Debug|x86
		{BEA5342F-A7F3-40ED-AEA4-6469845CCAF2}.Debug|Mixed Platforms.Build.0 = Debug|x86
		{BEA5342F-A7F3-40ED-AEA4-6469845CCAF2}.Debug|Win32.ActiveCfg = Debug|x86
		{BEA5342F-A7F3-40ED-AEA4-6469845CCAF2}.Debug|x64.ActiveCfg = Debug|x86
		{BEA5342F-A7F3-40ED-AEA4-6469845CCAF2}.Debug|x86.ActiveCfg = Debug|x86
		{BEA5342F-A7F3-40ED-AEA4-6469845CCAF2}.Debug|x86.Build.0 = Debug|x86
		{BEA5342F-A7F3-40ED-AEA4-6469845CCAF2}.Release|Mixed Platforms.ActiveCfg = Release|x86
		{BEA5342F-A7F3-40ED-AEA4-6469845CCAF2}.Release|Mixed Platforms.Build.0 = Release|x86
		{BEA5342F-A7F3-40ED-AEA4-6469845CCAF2}.Release|Win32.ActiveCfg = Release|x86
		{BEA5342F-A7F3-40ED-AEA4-6469845CCAF2}.Release|x64.ActiveCfg = Release|x86
		{BEA5342F-A7F3-40ED-AEA4-6469845CCAF2}.Release|x86.ActiveCfg = Release|x86
		{BEA5342F-A7F3-40ED-AEA4-6469845CCAF2}.Release|x86.Build.0 = Release|x86
		{2379E2D2-2B7D-45A5-821E-03E139C06BC9}.Debug|Mixed Platforms.ActiveCfg = Debug
		{2379E2D2-2B7D-45A5-821E-03E139C06BC9}.Debug|Mixed Platforms.Build.0 = Debug
		{2379E2D2-2B7D-45A5-821E-03E139C06BC9}.Debug|Win32.ActiveCfg = Debug
		{2379E2D2-2B7D-45A5-821E-03E139C06BC9}.Debug|Win32.Build.0 = Debug
		{2379E2D2-2B7D-45A5-821E-03E139C06BC9}.Debug|x64.ActiveCfg = Debug
		{2379E2D2-2B7D-45A5-821E-03E139C06BC9}.Debug|x64.Build.0 = Debug
		{2379E2D2-2B7D-45A5-821E-03E139C06BC9}.Debug|x86.ActiveCfg = Debug
		{2379E2D2-2B7D-45A5-821E-03E139C06BC9}.Release|Mixed Platforms.ActiveCfg = Release
		{2379E2D2-2B7D-45A5-821E-03E139C06BC9}.Release|Mixed Platforms.Build.0 = Release
		{2379E2D2-2B7D-45A5-821E-03E139C06BC9}.Release|Win32.ActiveCfg = Release
		{2379E2D2-2B7D-45A5-821E-03E139C06BC9}.Release|Win32.Build.0 = Release
		{2379E2D2-2B7D-45A5-821E-03E139C06BC9}.Release|x64.ActiveCfg = Release
		{2379E2D2-2B7D-45A5-821E-03E139C06BC9}.Release|x64.Build.0 = Release
		{2379E2D2-2B7D-45A5-821E-03E139C06BC9}.Release|x86.ActiveCfg = Release
		{4F67BE0A-0BCA-41ED-8D75-67D4A9A4DE1D}.Debug|Mixed Platforms.ActiveCfg = Debug|x86
		{4F67BE0A-0BCA-41ED-8D75-67D4A9A4DE1D}.Debug|Mixed Platforms.Build.0 = Debug|x86
		{4F67BE0A-0BCA-41ED-8D75-67D4A9A4DE1D}.Debug|Win32.ActiveCfg = Debug|x86
		{4F67BE0A-0BCA-41ED-8D75-67D4A9A4DE1D}.Debug|x64.ActiveCfg = Debug|x86
		{4F67BE0A-0BCA-41ED-8D75-67D4A9A4DE1D}.Debug|x86.ActiveCfg = Debug|x86
		{4F67BE0A-0BCA-41ED-8D75-67D4A9A4DE1D}.Debug|x86.Build.0 = Debug|x86
		{4F67BE0A-0BCA-41ED-8D75-67D4A9A4DE1D}.Release|Mixed Platforms.ActiveCfg = Release|x86
		{4F67BE0A-0BCA-41ED-8D75-67D4A9A4DE1D}.Release|Mixed Platforms.Build.0 = Release|x86
		{4F67BE0A-0BCA-41ED-8D75-67D4A9A4DE1D}.Release|Win32.ActiveCfg = Release|x86
		{4F67BE0A-0BCA-41ED-8D75-67D4A9A4DE1D}.Release|x64.ActiveCfg = Release|x86
		{4F67BE0A-0BCA-41ED-8D75-67D4A9A4DE1D}.Release|x86.ActiveCfg = Release|x86
		{4F67BE0A-0BCA-41ED-8D75-67D4A9A4DE1D}.Release|x86.Build.0 = Release|x86
		{2E4BD137-C012-41A2-8268-EFE43598622F}.Debug|Mixed Platforms.ActiveCfg = Debug
		{2E4BD137-C012-41A2-8268-EFE43598622F}.Debug|Mixed Platforms.Build.0 = Debug
		{2E4BD137-C012-41A2-8268-EFE43598622F}.Debug|Win32.ActiveCfg = Debug
		{2E4BD137-C012-41A2-8268-EFE43598622F}.Debug|Win32.Build.0 = Debug
		{2E4BD137-C012-41A2-8268-EFE43598622F}.Debug|x64.ActiveCfg = Debug
		{2E4BD137-C012-41A2-8268-EFE43598622F}.Debug|x64.Build.0 = Debug
		{2E4BD137-C012-41A2-8268-EFE43598622F}.Debug|x86.ActiveCfg = Debug
		{2E4BD137-C012-41A2-8268-EFE43598622F}.Debug|x86.Build.0 = Debug
		{2E4BD137-C012-41A2-8268-EFE43598622F}.Release|Mixed Platforms.ActiveCfg = Release
		{2E4BD137-C012-41A2-8268-EFE43598622F}.Release|Mixed Platforms.Build.0 = Release
		{2E4BD137-C012-41A2-8268-EFE43598622F}.Release|Win32.ActiveCfg = Release
		{2E4BD137-C012-41A2-8268-EFE43598622F}.Release|Win32.Build.0 = Release
		{2E4BD137-C012-41A2-8268-EFE43598622F}.Release|x64.ActiveCfg = Release
		{2E4BD137-C012-41A2-8268-EFE43598622F}.Release|x64.Build.0 = Release
		{2E4BD137-C012-41A2-8268-EFE43598622F}.Release|x86.ActiveCfg = Release
		{2E4BD137-C012-41A2-8268-EFE43598622F}.Release|x86.Build.0 = Release
		{63E6CA51-11F2-492D-8AA8-C51B4FF5B127}.Debug|Mixed Platforms.ActiveCfg = Debug|x86
		{63E6CA51-11F2-492D-8AA8-C51B4FF5B127}.Debug|Mixed Platforms.Build.0 = Debug|x86
		{63E6CA51-11F2-492D-8AA8-C51B4FF5B127}.Debug|Win32.ActiveCfg = Debug|x86
		{63E6CA51-11F2-492D-8AA8-C51B4FF5B127}.Debug|x64.ActiveCfg = Debug|x86
		{63E6CA51-11F2-492D-8AA8-C51B4FF5B127}.Debug|x86.ActiveCfg = Debug|x86
		{63E6CA51-11F2-492D-8AA8-C51B4FF5B127}.Debug|x86.Build.0 = Debug|x86
		{63E6CA51-11F2-492D-8AA8-C51B4FF5B127}.Release|Mixed Platforms.ActiveCfg = Release|x86
		{63E6CA51-11F2-492D-8AA8-C51B4FF5B127}.Release|Mixed Platforms.Build.0 = Release|x86
		{63E6CA51-11F2-492D-8AA8-C51B4FF5B127}.Release|Win32.ActiveCfg = Release|x86
		{63E6CA51-11F2-492D-8AA8-C51B4FF5B127}.Release|x64.ActiveCfg = Release|x86
		{63E6CA51-11F2-492D-8AA8-C51B4FF5B127}.Release|x86.ActiveCfg = Release|x86
		{63E6CA51-11F2-492D-8AA8-C51B4FF5B127}.Release|x86.Build.0 = Release|x86
		{86628A5A-EFD9-49A8-AAA5-2589417AF979}.Debug|Mixed Platforms.ActiveCfg = Debug|Win32
		{86628A5A-EFD9-49A8-AAA5-2589417AF979}.Debug|Mixed Platforms.Build.0 = Debug|Win32
		{86628A5A-EFD9-49A8-AAA5-2589417AF979}.Debug|Win32.ActiveCfg = Debug|Win32
		{86628A5A-EFD9-49A8-AAA5-2589417AF979}.Debug|Win32.Build.0 = Debug|Win32
		{86628A5A-EFD9-49A8-AAA5-2589417AF979}.Debug|x64.ActiveCfg = Debug|Win32
		{86628A5A-EFD9-49A8-AAA5-2589417AF979}.Debug|x86.ActiveCfg = Debug|Win32
		{86628A5A-EFD9-49A8-AAA5-2589417AF979}.Release|Mixed Platforms.ActiveCfg = Debug|Win32
		{86628A5A-EFD9-49A8-AAA5-2589417AF979}.Release|Mixed Platforms.Build.0 = Debug|Win32
		{86628A5A-EFD9-49A8-AAA5-2589417AF979}.Release|Win32.ActiveCfg = Release|Win32
		{86628A5A-EFD9-49A8-AAA5-2589417AF979}.Release|Win32.Build.0 = Release|Win32
		{86628A5A-EFD9-49A8-AAA5-2589417AF979}.Release|x64.ActiveCfg = Release|Win32
		{86628A5A-EFD9-49A8-AAA5-2589417AF979}.Release|x86.ActiveCfg = Release|Win32
		{77D160E3-AB3D-4263-A8F5-7EA4683D35A3}.Debug|Mixed Platforms.ActiveCfg = Debug|Win32
		{77D160E3-AB3D-4263-A8F5-7EA4683D35A3}.Debug|Mixed Platforms.Build.0 = Debug|Win32
		{77D160E3-AB3D-4263-A8F5-7EA4683D35A3}.Debug|Win32.ActiveCfg = Debug|Win32
		{77D160E3-AB3D-4263-A8F5-7EA4683D35A3}.Debug|Win32.Build.0 = Debug|Win32
		{77D160E3-AB3D-4263-A8F5-7EA4683D35A3}.Debug|x64.ActiveCfg = Debug|x64
		{77D160E3-AB3D-4263-A8F5-7EA4683D35A3}.Debug|x64.Build.0 = Debug|x64
		{77D160E3-AB3D-4263-A8F5-7EA4683D35A3}.Debug|x86.ActiveCfg = Debug|x64
		{77D160E3-AB3D-4263-A8F5-7EA4683D35A3}.Release|Mixed Platforms.ActiveCfg = Debug|Win32
		{77D160E3-AB3D-4263-A8F5-7EA4683D35A3}.Release|Mixed Platforms.Build.0 = Debug|Win32
		{77D160E3-AB3D-4263-A8F5-7EA4683D35A3}.Release|Win32.ActiveCfg = Release|Win32
		{77D160E3-AB3D-4263-A8F5-7EA4683D35A3}.Release|Win32.Build.0 = Release|Win32
		{77D160E3-AB3D-4263-A8F5-7EA4683D35A3}.Release|x64.ActiveCfg = Release|x64
		{77D160E3-AB3D-4263-A8F5-7EA4683D35A3}.Release|x64.Build.0 = Release|x64
		{77D160E3-AB3D-4263-A8F5-7EA4683D35A3}.Release|x86.ActiveCfg = Release|x64
	EndGlobalSection
	GlobalSection(SolutionProperties) = preSolution
		HideSolutionNode = FALSE
	EndGlobalSection
EndGlobal
